// !$*UTF8*$!
{
	archiveVersion = 1;
	classes = {
	};
	objectVersion = 45;
	objects = {

/* Begin PBXBuildFile section */
		1D60589B0D05DD56006BFB54 /* main.m in Sources */ = {isa = PBXBuildFile; fileRef = 29B97316FDCFA39411CA2CEA /* main.m */; };
		1D60589F0D05DD5A006BFB54 /* Foundation.framework in Frameworks */ = {isa = PBXBuildFile; fileRef = 1D30AB110D05D00D00671497 /* Foundation.framework */; };
		1DF5F4E00D08C38300B7A737 /* UIKit.framework in Frameworks */ = {isa = PBXBuildFile; fileRef = 1DF5F4DF0D08C38300B7A737 /* UIKit.framework */; };
		241E29DC10F6A0240076D698 /* DTModalTestViewController.m in Sources */ = {isa = PBXBuildFile; fileRef = 241E29D610F6A0240076D698 /* DTModalTestViewController.m */; };
		241E29DD10F6A0240076D698 /* DTTestView.xib in Resources */ = {isa = PBXBuildFile; fileRef = 241E29D710F6A0240076D698 /* DTTestView.xib */; };
		241E29DE10F6A0240076D698 /* DTTestViewController.m in Sources */ = {isa = PBXBuildFile; fileRef = 241E29D910F6A0240076D698 /* DTTestViewController.m */; };
		24285B1612AEE34F00357539 /* DCTBlock.m in Sources */ = {isa = PBXBuildFile; fileRef = 24285A9412AEE34F00357539 /* DCTBlock.m */; };
		24285B1712AEE34F00357539 /* DCTObservationInfo.m in Sources */ = {isa = PBXBuildFile; fileRef = 24285A9612AEE34F00357539 /* DCTObservationInfo.m */; };
		24285B1812AEE34F00357539 /* DCTQueue.m in Sources */ = {isa = PBXBuildFile; fileRef = 24285A9812AEE34F00357539 /* DCTQueue.m */; };
		24285B1912AEE34F00357539 /* DCTStack.m in Sources */ = {isa = PBXBuildFile; fileRef = 24285A9A12AEE34F00357539 /* DCTStack.m */; };
		24285B1A12AEE34F00357539 /* NSArray+DCTExtras.m in Sources */ = {isa = PBXBuildFile; fileRef = 24285A9C12AEE34F00357539 /* NSArray+DCTExtras.m */; };
		24285B1B12AEE34F00357539 /* NSDate+DCTDateComponents.m in Sources */ = {isa = PBXBuildFile; fileRef = 24285A9E12AEE34F00357539 /* NSDate+DCTDateComponents.m */; };
		24285B1C12AEE34F00357539 /* NSDictionary+DCTExtras.m in Sources */ = {isa = PBXBuildFile; fileRef = 24285AA012AEE34F00357539 /* NSDictionary+DCTExtras.m */; };
		24285B1D12AEE34F00357539 /* NSError+DCTExtensions.m in Sources */ = {isa = PBXBuildFile; fileRef = 24285AA212AEE34F00357539 /* NSError+DCTExtensions.m */; };
		24285B1E12AEE34F00357539 /* NSMutableArray+DCTExtras.m in Sources */ = {isa = PBXBuildFile; fileRef = 24285AA412AEE34F00357539 /* NSMutableArray+DCTExtras.m */; };
		24285B1F12AEE34F00357539 /* NSMutableSet+DCTExtras.m in Sources */ = {isa = PBXBuildFile; fileRef = 24285AA612AEE34F00357539 /* NSMutableSet+DCTExtras.m */; };
		24285B2012AEE34F00357539 /* NSObject+DCTKVOExtras.m in Sources */ = {isa = PBXBuildFile; fileRef = 24285AA812AEE34F00357539 /* NSObject+DCTKVOExtras.m */; };
		24285B2112AEE34F00357539 /* NSObject+DCTPerformSelector.m in Sources */ = {isa = PBXBuildFile; fileRef = 24285AAA12AEE34F00357539 /* NSObject+DCTPerformSelector.m */; };
		24285B3A12AEE34F00357539 /* UIAlertView+DCTErrorHandling.m in Sources */ = {isa = PBXBuildFile; fileRef = 24285AD512AEE34F00357539 /* UIAlertView+DCTErrorHandling.m */; };
		24285B3B12AEE34F00357539 /* UIDevice+DCTFeatureCheck.m in Sources */ = {isa = PBXBuildFile; fileRef = 24285AD712AEE34F00357539 /* UIDevice+DCTFeatureCheck.m */; };
		24285B3C12AEE34F00357539 /* UIDevice+DCTSystemVersion.m in Sources */ = {isa = PBXBuildFile; fileRef = 24285AD912AEE34F00357539 /* UIDevice+DCTSystemVersion.m */; };
		24285B3D12AEE34F00357539 /* UIResponder+DCTNextResponderExtensions.m in Sources */ = {isa = PBXBuildFile; fileRef = 24285ADB12AEE34F00357539 /* UIResponder+DCTNextResponderExtensions.m */; };
		24285B3E12AEE34F00357539 /* UITableViewCell+DCTExtensions.m in Sources */ = {isa = PBXBuildFile; fileRef = 24285ADD12AEE34F00357539 /* UITableViewCell+DCTExtensions.m */; };
		24285B3F12AEE34F00357539 /* UIView+DCTLogging.m in Sources */ = {isa = PBXBuildFile; fileRef = 24285ADF12AEE34F00357539 /* UIView+DCTLogging.m */; };
		24285B4012AEE34F00357539 /* UIView+DCTSubviewExtensions.m in Sources */ = {isa = PBXBuildFile; fileRef = 24285AE112AEE34F00357539 /* UIView+DCTSubviewExtensions.m */; };
		24285B4112AEE34F00357539 /* DCTCoreDataTableViewController.m in Sources */ = {isa = PBXBuildFile; fileRef = 24285AE412AEE34F00357539 /* DCTCoreDataTableViewController.m */; };
		24285B4212AEE34F00357539 /* DCTCoreDataViewController.m in Sources */ = {isa = PBXBuildFile; fileRef = 24285AE612AEE34F00357539 /* DCTCoreDataViewController.m */; };
		24285B4312AEE34F00357539 /* DCTFetchedResultsTableViewController.m in Sources */ = {isa = PBXBuildFile; fileRef = 24285AE812AEE34F00357539 /* DCTFetchedResultsTableViewController.m */; };
		24285B4412AEE34F00357539 /* UIViewController+DCTCoreDataViewController.m in Sources */ = {isa = PBXBuildFile; fileRef = 24285AEA12AEE34F00357539 /* UIViewController+DCTCoreDataViewController.m */; };
		24285B4512AEE34F00357539 /* DCTTabBar.m in Sources */ = {isa = PBXBuildFile; fileRef = 24285AED12AEE34F00357539 /* DCTTabBar.m */; };
		24285B4612AEE34F00357539 /* DCTTabBarController.m in Sources */ = {isa = PBXBuildFile; fileRef = 24285AEF12AEE34F00357539 /* DCTTabBarController.m */; };
		24285B4712AEE34F00357539 /* DCTUITabBar.m in Sources */ = {isa = PBXBuildFile; fileRef = 24285AF112AEE34F00357539 /* DCTUITabBar.m */; };
		24285B4812AEE34F00357539 /* DCTTableViewSectionController.m in Sources */ = {isa = PBXBuildFile; fileRef = 24285AF412AEE34F00357539 /* DCTTableViewSectionController.m */; };
		24285B4912AEE34F00357539 /* DCTContainerViewController.m in Sources */ = {isa = PBXBuildFile; fileRef = 24285AF712AEE34F00357539 /* DCTContainerViewController.m */; };
		24285B4A12AEE34F00357539 /* DCTContentViewController.m in Sources */ = {isa = PBXBuildFile; fileRef = 24285AF912AEE34F00357539 /* DCTContentViewController.m */; };
		24285B4B12AEE34F00357539 /* DCTTableViewController.m in Sources */ = {isa = PBXBuildFile; fileRef = 24285AFB12AEE34F00357539 /* DCTTableViewController.m */; };
		24285B4C12AEE34F00357539 /* DCTViewController.m in Sources */ = {isa = PBXBuildFile; fileRef = 24285AFD12AEE34F00357539 /* DCTViewController.m */; };
		24285D3112AEE36800357539 /* DTResurrectionController.m in Sources */ = {isa = PBXBuildFile; fileRef = 24285C6D12AEE36800357539 /* DTResurrectionController.m */; };
		24285D3C12AEE36800357539 /* DTResurrector.m in Sources */ = {isa = PBXBuildFile; fileRef = 24285C8712AEE36800357539 /* DTResurrector.m */; };
		24285D3D12AEE36800357539 /* NSArray+DTResurrection.m in Sources */ = {isa = PBXBuildFile; fileRef = 24285C8912AEE36800357539 /* NSArray+DTResurrection.m */; };
		24285D3E12AEE36800357539 /* NSDictionary+DTResurrection.m in Sources */ = {isa = PBXBuildFile; fileRef = 24285C8B12AEE36800357539 /* NSDictionary+DTResurrection.m */; };
		24285D4012AEE36800357539 /* UINavigationController+DTResurrection.m in Sources */ = {isa = PBXBuildFile; fileRef = 24285C8E12AEE36800357539 /* UINavigationController+DTResurrection.m */; };
		24285D4112AEE36800357539 /* UITabBarController+DTResurrection.m in Sources */ = {isa = PBXBuildFile; fileRef = 24285C9012AEE36800357539 /* UITabBarController+DTResurrection.m */; };
		24285D4212AEE36800357539 /* UIViewController+DTResurrection.m in Sources */ = {isa = PBXBuildFile; fileRef = 24285C9212AEE36800357539 /* UIViewController+DTResurrection.m */; };
		24285D4412AEE47000357539 /* QuartzCore.framework in Frameworks */ = {isa = PBXBuildFile; fileRef = 24285D4312AEE47000357539 /* QuartzCore.framework */; };
		242B2A3912AEED4D0029F46D /* DTResurrectionController+Debug.m in Sources */ = {isa = PBXBuildFile; fileRef = 242B2A2912AEED4D0029F46D /* DTResurrectionController+Debug.m */; };
		242B2A3A12AEED4D0029F46D /* DTResurrectionKitDebugView.xib in Resources */ = {isa = PBXBuildFile; fileRef = 242B2A2A12AEED4D0029F46D /* DTResurrectionKitDebugView.xib */; };
		242B2A3B12AEED4D0029F46D /* DTResurrectionKitLoadView.xib in Resources */ = {isa = PBXBuildFile; fileRef = 242B2A2B12AEED4D0029F46D /* DTResurrectionKitLoadView.xib */; };
		242B2A3C12AEED4D0029F46D /* DTResurrectionKitLoadViewController.m in Sources */ = {isa = PBXBuildFile; fileRef = 242B2A2D12AEED4D0029F46D /* DTResurrectionKitLoadViewController.m */; };
		242B2A3D12AEED4D0029F46D /* DTResurrectionKitSaveView.xib in Resources */ = {isa = PBXBuildFile; fileRef = 242B2A2E12AEED4D0029F46D /* DTResurrectionKitSaveView.xib */; };
		242B2A3E12AEED4D0029F46D /* DTResurrectionKitSaveViewController.m in Sources */ = {isa = PBXBuildFile; fileRef = 242B2A3012AEED4D0029F46D /* DTResurrectionKitSaveViewController.m */; };
		242B2A3F12AEED4D0029F46D /* DTResurrectionKitBarBackground.png in Resources */ = {isa = PBXBuildFile; fileRef = 242B2A3212AEED4D0029F46D /* DTResurrectionKitBarBackground.png */; };
		242B2A4012AEED4D0029F46D /* DTResurrectionKitButtonCancelDefault.png in Resources */ = {isa = PBXBuildFile; fileRef = 242B2A3312AEED4D0029F46D /* DTResurrectionKitButtonCancelDefault.png */; };
		242B2A4112AEED4D0029F46D /* DTResurrectionKitButtonCancelSelected.png in Resources */ = {isa = PBXBuildFile; fileRef = 242B2A3412AEED4D0029F46D /* DTResurrectionKitButtonCancelSelected.png */; };
		242B2A4212AEED4D0029F46D /* DTResurrectionKitButtonLoadDefault.png in Resources */ = {isa = PBXBuildFile; fileRef = 242B2A3512AEED4D0029F46D /* DTResurrectionKitButtonLoadDefault.png */; };
		242B2A4312AEED4D0029F46D /* DTResurrectionKitButtonLoadSelected.png in Resources */ = {isa = PBXBuildFile; fileRef = 242B2A3612AEED4D0029F46D /* DTResurrectionKitButtonLoadSelected.png */; };
		242B2A4412AEED4D0029F46D /* DTResurrectionKitButtonSaveDefault.png in Resources */ = {isa = PBXBuildFile; fileRef = 242B2A3712AEED4D0029F46D /* DTResurrectionKitButtonSaveDefault.png */; };
		242B2A4512AEED4D0029F46D /* DTResurrectionKitButtonSaveSelected.png in Resources */ = {isa = PBXBuildFile; fileRef = 242B2A3812AEED4D0029F46D /* DTResurrectionKitButtonSaveSelected.png */; };
		2461780C11E3B1AB007EB306 /* DTResurrectionKitAppDelegate.m in Sources */ = {isa = PBXBuildFile; fileRef = 2461780B11E3B1AB007EB306 /* DTResurrectionKitAppDelegate.m */; };
		288765FD0DF74451002DB57D /* CoreGraphics.framework in Frameworks */ = {isa = PBXBuildFile; fileRef = 288765FC0DF74451002DB57D /* CoreGraphics.framework */; };
		28AD733F0D9D9553002E5188 /* MainWindow.xib in Resources */ = {isa = PBXBuildFile; fileRef = 28AD733E0D9D9553002E5188 /* MainWindow.xib */; };
/* End PBXBuildFile section */

/* Begin PBXFileReference section */
		1D30AB110D05D00D00671497 /* Foundation.framework */ = {isa = PBXFileReference; lastKnownFileType = wrapper.framework; name = Foundation.framework; path = System/Library/Frameworks/Foundation.framework; sourceTree = SDKROOT; };
		1D6058910D05DD3D006BFB54 /* DTResurrectionKit.app */ = {isa = PBXFileReference; explicitFileType = wrapper.application; includeInIndex = 0; path = DTResurrectionKit.app; sourceTree = BUILT_PRODUCTS_DIR; };
		1DF5F4DF0D08C38300B7A737 /* UIKit.framework */ = {isa = PBXFileReference; lastKnownFileType = wrapper.framework; name = UIKit.framework; path = System/Library/Frameworks/UIKit.framework; sourceTree = SDKROOT; };
		241E29D510F6A0240076D698 /* DTModalTestViewController.h */ = {isa = PBXFileReference; fileEncoding = 4; lastKnownFileType = sourcecode.c.h; path = DTModalTestViewController.h; sourceTree = "<group>"; };
		241E29D610F6A0240076D698 /* DTModalTestViewController.m */ = {isa = PBXFileReference; fileEncoding = 4; lastKnownFileType = sourcecode.c.objc; path = DTModalTestViewController.m; sourceTree = "<group>"; };
		241E29D710F6A0240076D698 /* DTTestView.xib */ = {isa = PBXFileReference; lastKnownFileType = file.xib; path = DTTestView.xib; sourceTree = "<group>"; };
		241E29D810F6A0240076D698 /* DTTestViewController.h */ = {isa = PBXFileReference; fileEncoding = 4; lastKnownFileType = sourcecode.c.h; path = DTTestViewController.h; sourceTree = "<group>"; };
		241E29D910F6A0240076D698 /* DTTestViewController.m */ = {isa = PBXFileReference; fileEncoding = 4; lastKnownFileType = sourcecode.c.objc; path = DTTestViewController.m; sourceTree = "<group>"; };
		24285A9312AEE34F00357539 /* DCTBlock.h */ = {isa = PBXFileReference; fileEncoding = 4; lastKnownFileType = sourcecode.c.h; path = DCTBlock.h; sourceTree = "<group>"; };
		24285A9412AEE34F00357539 /* DCTBlock.m */ = {isa = PBXFileReference; fileEncoding = 4; lastKnownFileType = sourcecode.c.objc; path = DCTBlock.m; sourceTree = "<group>"; };
		24285A9512AEE34F00357539 /* DCTObservationInfo.h */ = {isa = PBXFileReference; fileEncoding = 4; lastKnownFileType = sourcecode.c.h; path = DCTObservationInfo.h; sourceTree = "<group>"; };
		24285A9612AEE34F00357539 /* DCTObservationInfo.m */ = {isa = PBXFileReference; fileEncoding = 4; lastKnownFileType = sourcecode.c.objc; path = DCTObservationInfo.m; sourceTree = "<group>"; };
		24285A9712AEE34F00357539 /* DCTQueue.h */ = {isa = PBXFileReference; fileEncoding = 4; lastKnownFileType = sourcecode.c.h; path = DCTQueue.h; sourceTree = "<group>"; };
		24285A9812AEE34F00357539 /* DCTQueue.m */ = {isa = PBXFileReference; fileEncoding = 4; lastKnownFileType = sourcecode.c.objc; path = DCTQueue.m; sourceTree = "<group>"; };
		24285A9912AEE34F00357539 /* DCTStack.h */ = {isa = PBXFileReference; fileEncoding = 4; lastKnownFileType = sourcecode.c.h; path = DCTStack.h; sourceTree = "<group>"; };
		24285A9A12AEE34F00357539 /* DCTStack.m */ = {isa = PBXFileReference; fileEncoding = 4; lastKnownFileType = sourcecode.c.objc; path = DCTStack.m; sourceTree = "<group>"; };
		24285A9B12AEE34F00357539 /* NSArray+DCTExtras.h */ = {isa = PBXFileReference; fileEncoding = 4; lastKnownFileType = sourcecode.c.h; path = "NSArray+DCTExtras.h"; sourceTree = "<group>"; };
		24285A9C12AEE34F00357539 /* NSArray+DCTExtras.m */ = {isa = PBXFileReference; fileEncoding = 4; lastKnownFileType = sourcecode.c.objc; path = "NSArray+DCTExtras.m"; sourceTree = "<group>"; };
		24285A9D12AEE34F00357539 /* NSDate+DCTDateComponents.h */ = {isa = PBXFileReference; fileEncoding = 4; lastKnownFileType = sourcecode.c.h; path = "NSDate+DCTDateComponents.h"; sourceTree = "<group>"; };
		24285A9E12AEE34F00357539 /* NSDate+DCTDateComponents.m */ = {isa = PBXFileReference; fileEncoding = 4; lastKnownFileType = sourcecode.c.objc; path = "NSDate+DCTDateComponents.m"; sourceTree = "<group>"; };
		24285A9F12AEE34F00357539 /* NSDictionary+DCTExtras.h */ = {isa = PBXFileReference; fileEncoding = 4; lastKnownFileType = sourcecode.c.h; path = "NSDictionary+DCTExtras.h"; sourceTree = "<group>"; };
		24285AA012AEE34F00357539 /* NSDictionary+DCTExtras.m */ = {isa = PBXFileReference; fileEncoding = 4; lastKnownFileType = sourcecode.c.objc; path = "NSDictionary+DCTExtras.m"; sourceTree = "<group>"; };
		24285AA112AEE34F00357539 /* NSError+DCTExtensions.h */ = {isa = PBXFileReference; fileEncoding = 4; lastKnownFileType = sourcecode.c.h; path = "NSError+DCTExtensions.h"; sourceTree = "<group>"; };
		24285AA212AEE34F00357539 /* NSError+DCTExtensions.m */ = {isa = PBXFileReference; fileEncoding = 4; lastKnownFileType = sourcecode.c.objc; path = "NSError+DCTExtensions.m"; sourceTree = "<group>"; };
		24285AA312AEE34F00357539 /* NSMutableArray+DCTExtras.h */ = {isa = PBXFileReference; fileEncoding = 4; lastKnownFileType = sourcecode.c.h; path = "NSMutableArray+DCTExtras.h"; sourceTree = "<group>"; };
		24285AA412AEE34F00357539 /* NSMutableArray+DCTExtras.m */ = {isa = PBXFileReference; fileEncoding = 4; lastKnownFileType = sourcecode.c.objc; path = "NSMutableArray+DCTExtras.m"; sourceTree = "<group>"; };
		24285AA512AEE34F00357539 /* NSMutableSet+DCTExtras.h */ = {isa = PBXFileReference; fileEncoding = 4; lastKnownFileType = sourcecode.c.h; path = "NSMutableSet+DCTExtras.h"; sourceTree = "<group>"; };
		24285AA612AEE34F00357539 /* NSMutableSet+DCTExtras.m */ = {isa = PBXFileReference; fileEncoding = 4; lastKnownFileType = sourcecode.c.objc; path = "NSMutableSet+DCTExtras.m"; sourceTree = "<group>"; };
		24285AA712AEE34F00357539 /* NSObject+DCTKVOExtras.h */ = {isa = PBXFileReference; fileEncoding = 4; lastKnownFileType = sourcecode.c.h; path = "NSObject+DCTKVOExtras.h"; sourceTree = "<group>"; };
		24285AA812AEE34F00357539 /* NSObject+DCTKVOExtras.m */ = {isa = PBXFileReference; fileEncoding = 4; lastKnownFileType = sourcecode.c.objc; path = "NSObject+DCTKVOExtras.m"; sourceTree = "<group>"; };
		24285AA912AEE34F00357539 /* NSObject+DCTPerformSelector.h */ = {isa = PBXFileReference; fileEncoding = 4; lastKnownFileType = sourcecode.c.h; path = "NSObject+DCTPerformSelector.h"; sourceTree = "<group>"; };
		24285AAA12AEE34F00357539 /* NSObject+DCTPerformSelector.m */ = {isa = PBXFileReference; fileEncoding = 4; lastKnownFileType = sourcecode.c.objc; path = "NSObject+DCTPerformSelector.m"; sourceTree = "<group>"; };
		24285AD412AEE34F00357539 /* UIAlertView+DCTErrorHandling.h */ = {isa = PBXFileReference; fileEncoding = 4; lastKnownFileType = sourcecode.c.h; path = "UIAlertView+DCTErrorHandling.h"; sourceTree = "<group>"; };
		24285AD512AEE34F00357539 /* UIAlertView+DCTErrorHandling.m */ = {isa = PBXFileReference; fileEncoding = 4; lastKnownFileType = sourcecode.c.objc; path = "UIAlertView+DCTErrorHandling.m"; sourceTree = "<group>"; };
		24285AD612AEE34F00357539 /* UIDevice+DCTFeatureCheck.h */ = {isa = PBXFileReference; fileEncoding = 4; lastKnownFileType = sourcecode.c.h; path = "UIDevice+DCTFeatureCheck.h"; sourceTree = "<group>"; };
		24285AD712AEE34F00357539 /* UIDevice+DCTFeatureCheck.m */ = {isa = PBXFileReference; fileEncoding = 4; lastKnownFileType = sourcecode.c.objc; path = "UIDevice+DCTFeatureCheck.m"; sourceTree = "<group>"; };
		24285AD812AEE34F00357539 /* UIDevice+DCTSystemVersion.h */ = {isa = PBXFileReference; fileEncoding = 4; lastKnownFileType = sourcecode.c.h; path = "UIDevice+DCTSystemVersion.h"; sourceTree = "<group>"; };
		24285AD912AEE34F00357539 /* UIDevice+DCTSystemVersion.m */ = {isa = PBXFileReference; fileEncoding = 4; lastKnownFileType = sourcecode.c.objc; path = "UIDevice+DCTSystemVersion.m"; sourceTree = "<group>"; };
		24285ADA12AEE34F00357539 /* UIResponder+DCTNextResponderExtensions.h */ = {isa = PBXFileReference; fileEncoding = 4; lastKnownFileType = sourcecode.c.h; path = "UIResponder+DCTNextResponderExtensions.h"; sourceTree = "<group>"; };
		24285ADB12AEE34F00357539 /* UIResponder+DCTNextResponderExtensions.m */ = {isa = PBXFileReference; fileEncoding = 4; lastKnownFileType = sourcecode.c.objc; path = "UIResponder+DCTNextResponderExtensions.m"; sourceTree = "<group>"; };
		24285ADC12AEE34F00357539 /* UITableViewCell+DCTExtensions.h */ = {isa = PBXFileReference; fileEncoding = 4; lastKnownFileType = sourcecode.c.h; path = "UITableViewCell+DCTExtensions.h"; sourceTree = "<group>"; };
		24285ADD12AEE34F00357539 /* UITableViewCell+DCTExtensions.m */ = {isa = PBXFileReference; fileEncoding = 4; lastKnownFileType = sourcecode.c.objc; path = "UITableViewCell+DCTExtensions.m"; sourceTree = "<group>"; };
		24285ADE12AEE34F00357539 /* UIView+DCTLogging.h */ = {isa = PBXFileReference; fileEncoding = 4; lastKnownFileType = sourcecode.c.h; path = "UIView+DCTLogging.h"; sourceTree = "<group>"; };
		24285ADF12AEE34F00357539 /* UIView+DCTLogging.m */ = {isa = PBXFileReference; fileEncoding = 4; lastKnownFileType = sourcecode.c.objc; path = "UIView+DCTLogging.m"; sourceTree = "<group>"; };
		24285AE012AEE34F00357539 /* UIView+DCTSubviewExtensions.h */ = {isa = PBXFileReference; fileEncoding = 4; lastKnownFileType = sourcecode.c.h; path = "UIView+DCTSubviewExtensions.h"; sourceTree = "<group>"; };
		24285AE112AEE34F00357539 /* UIView+DCTSubviewExtensions.m */ = {isa = PBXFileReference; fileEncoding = 4; lastKnownFileType = sourcecode.c.objc; path = "UIView+DCTSubviewExtensions.m"; sourceTree = "<group>"; };
		24285AE312AEE34F00357539 /* DCTCoreDataTableViewController.h */ = {isa = PBXFileReference; fileEncoding = 4; lastKnownFileType = sourcecode.c.h; path = DCTCoreDataTableViewController.h; sourceTree = "<group>"; };
		24285AE412AEE34F00357539 /* DCTCoreDataTableViewController.m */ = {isa = PBXFileReference; fileEncoding = 4; lastKnownFileType = sourcecode.c.objc; path = DCTCoreDataTableViewController.m; sourceTree = "<group>"; };
		24285AE512AEE34F00357539 /* DCTCoreDataViewController.h */ = {isa = PBXFileReference; fileEncoding = 4; lastKnownFileType = sourcecode.c.h; path = DCTCoreDataViewController.h; sourceTree = "<group>"; };
		24285AE612AEE34F00357539 /* DCTCoreDataViewController.m */ = {isa = PBXFileReference; fileEncoding = 4; lastKnownFileType = sourcecode.c.objc; path = DCTCoreDataViewController.m; sourceTree = "<group>"; };
		24285AE712AEE34F00357539 /* DCTFetchedResultsTableViewController.h */ = {isa = PBXFileReference; fileEncoding = 4; lastKnownFileType = sourcecode.c.h; path = DCTFetchedResultsTableViewController.h; sourceTree = "<group>"; };
		24285AE812AEE34F00357539 /* DCTFetchedResultsTableViewController.m */ = {isa = PBXFileReference; fileEncoding = 4; lastKnownFileType = sourcecode.c.objc; path = DCTFetchedResultsTableViewController.m; sourceTree = "<group>"; };
		24285AE912AEE34F00357539 /* UIViewController+DCTCoreDataViewController.h */ = {isa = PBXFileReference; fileEncoding = 4; lastKnownFileType = sourcecode.c.h; path = "UIViewController+DCTCoreDataViewController.h"; sourceTree = "<group>"; };
		24285AEA12AEE34F00357539 /* UIViewController+DCTCoreDataViewController.m */ = {isa = PBXFileReference; fileEncoding = 4; lastKnownFileType = sourcecode.c.objc; path = "UIViewController+DCTCoreDataViewController.m"; sourceTree = "<group>"; };
		24285AEC12AEE34F00357539 /* DCTTabBar.h */ = {isa = PBXFileReference; fileEncoding = 4; lastKnownFileType = sourcecode.c.h; path = DCTTabBar.h; sourceTree = "<group>"; };
		24285AED12AEE34F00357539 /* DCTTabBar.m */ = {isa = PBXFileReference; fileEncoding = 4; lastKnownFileType = sourcecode.c.objc; path = DCTTabBar.m; sourceTree = "<group>"; };
		24285AEE12AEE34F00357539 /* DCTTabBarController.h */ = {isa = PBXFileReference; fileEncoding = 4; lastKnownFileType = sourcecode.c.h; path = DCTTabBarController.h; sourceTree = "<group>"; };
		24285AEF12AEE34F00357539 /* DCTTabBarController.m */ = {isa = PBXFileReference; fileEncoding = 4; lastKnownFileType = sourcecode.c.objc; path = DCTTabBarController.m; sourceTree = "<group>"; };
		24285AF012AEE34F00357539 /* DCTUITabBar.h */ = {isa = PBXFileReference; fileEncoding = 4; lastKnownFileType = sourcecode.c.h; path = DCTUITabBar.h; sourceTree = "<group>"; };
		24285AF112AEE34F00357539 /* DCTUITabBar.m */ = {isa = PBXFileReference; fileEncoding = 4; lastKnownFileType = sourcecode.c.objc; path = DCTUITabBar.m; sourceTree = "<group>"; };
		24285AF312AEE34F00357539 /* DCTTableViewSectionController.h */ = {isa = PBXFileReference; fileEncoding = 4; lastKnownFileType = sourcecode.c.h; path = DCTTableViewSectionController.h; sourceTree = "<group>"; };
		24285AF412AEE34F00357539 /* DCTTableViewSectionController.m */ = {isa = PBXFileReference; fileEncoding = 4; lastKnownFileType = sourcecode.c.objc; path = DCTTableViewSectionController.m; sourceTree = "<group>"; };
		24285AF612AEE34F00357539 /* DCTContainerViewController.h */ = {isa = PBXFileReference; fileEncoding = 4; lastKnownFileType = sourcecode.c.h; path = DCTContainerViewController.h; sourceTree = "<group>"; };
		24285AF712AEE34F00357539 /* DCTContainerViewController.m */ = {isa = PBXFileReference; fileEncoding = 4; lastKnownFileType = sourcecode.c.objc; path = DCTContainerViewController.m; sourceTree = "<group>"; };
		24285AF812AEE34F00357539 /* DCTContentViewController.h */ = {isa = PBXFileReference; fileEncoding = 4; lastKnownFileType = sourcecode.c.h; path = DCTContentViewController.h; sourceTree = "<group>"; };
		24285AF912AEE34F00357539 /* DCTContentViewController.m */ = {isa = PBXFileReference; fileEncoding = 4; lastKnownFileType = sourcecode.c.objc; path = DCTContentViewController.m; sourceTree = "<group>"; };
		24285AFA12AEE34F00357539 /* DCTTableViewController.h */ = {isa = PBXFileReference; fileEncoding = 4; lastKnownFileType = sourcecode.c.h; path = DCTTableViewController.h; sourceTree = "<group>"; };
		24285AFB12AEE34F00357539 /* DCTTableViewController.m */ = {isa = PBXFileReference; fileEncoding = 4; lastKnownFileType = sourcecode.c.objc; path = DCTTableViewController.m; sourceTree = "<group>"; };
		24285AFC12AEE34F00357539 /* DCTViewController.h */ = {isa = PBXFileReference; fileEncoding = 4; lastKnownFileType = sourcecode.c.h; path = DCTViewController.h; sourceTree = "<group>"; };
		24285AFD12AEE34F00357539 /* DCTViewController.m */ = {isa = PBXFileReference; fileEncoding = 4; lastKnownFileType = sourcecode.c.objc; path = DCTViewController.m; sourceTree = "<group>"; };
		24285C6C12AEE36800357539 /* DTResurrectionController.h */ = {isa = PBXFileReference; fileEncoding = 4; lastKnownFileType = sourcecode.c.h; path = DTResurrectionController.h; sourceTree = "<group>"; };
		24285C6D12AEE36800357539 /* DTResurrectionController.m */ = {isa = PBXFileReference; fileEncoding = 4; lastKnownFileType = sourcecode.c.objc; path = DTResurrectionController.m; sourceTree = "<group>"; };
		24285C8512AEE36800357539 /* DTResurrectionKit.h */ = {isa = PBXFileReference; fileEncoding = 4; lastKnownFileType = sourcecode.c.h; path = DTResurrectionKit.h; sourceTree = "<group>"; };
		24285C8612AEE36800357539 /* DTResurrector.h */ = {isa = PBXFileReference; fileEncoding = 4; lastKnownFileType = sourcecode.c.h; path = DTResurrector.h; sourceTree = "<group>"; };
		24285C8712AEE36800357539 /* DTResurrector.m */ = {isa = PBXFileReference; fileEncoding = 4; lastKnownFileType = sourcecode.c.objc; path = DTResurrector.m; sourceTree = "<group>"; };
		24285C8812AEE36800357539 /* NSArray+DTResurrection.h */ = {isa = PBXFileReference; fileEncoding = 4; lastKnownFileType = sourcecode.c.h; path = "NSArray+DTResurrection.h"; sourceTree = "<group>"; };
		24285C8912AEE36800357539 /* NSArray+DTResurrection.m */ = {isa = PBXFileReference; fileEncoding = 4; lastKnownFileType = sourcecode.c.objc; path = "NSArray+DTResurrection.m"; sourceTree = "<group>"; };
		24285C8A12AEE36800357539 /* NSDictionary+DTResurrection.h */ = {isa = PBXFileReference; fileEncoding = 4; lastKnownFileType = sourcecode.c.h; path = "NSDictionary+DTResurrection.h"; sourceTree = "<group>"; };
		24285C8B12AEE36800357539 /* NSDictionary+DTResurrection.m */ = {isa = PBXFileReference; fileEncoding = 4; lastKnownFileType = sourcecode.c.objc; path = "NSDictionary+DTResurrection.m"; sourceTree = "<group>"; };
		24285C8D12AEE36800357539 /* UINavigationController+DTResurrection.h */ = {isa = PBXFileReference; fileEncoding = 4; lastKnownFileType = sourcecode.c.h; path = "UINavigationController+DTResurrection.h"; sourceTree = "<group>"; };
		24285C8E12AEE36800357539 /* UINavigationController+DTResurrection.m */ = {isa = PBXFileReference; fileEncoding = 4; lastKnownFileType = sourcecode.c.objc; path = "UINavigationController+DTResurrection.m"; sourceTree = "<group>"; };
		24285C8F12AEE36800357539 /* UITabBarController+DTResurrection.h */ = {isa = PBXFileReference; fileEncoding = 4; lastKnownFileType = sourcecode.c.h; path = "UITabBarController+DTResurrection.h"; sourceTree = "<group>"; };
		24285C9012AEE36800357539 /* UITabBarController+DTResurrection.m */ = {isa = PBXFileReference; fileEncoding = 4; lastKnownFileType = sourcecode.c.objc; path = "UITabBarController+DTResurrection.m"; sourceTree = "<group>"; };
		24285C9112AEE36800357539 /* UIViewController+DTResurrection.h */ = {isa = PBXFileReference; fileEncoding = 4; lastKnownFileType = sourcecode.c.h; path = "UIViewController+DTResurrection.h"; sourceTree = "<group>"; };
		24285C9212AEE36800357539 /* UIViewController+DTResurrection.m */ = {isa = PBXFileReference; fileEncoding = 4; lastKnownFileType = sourcecode.c.objc; path = "UIViewController+DTResurrection.m"; sourceTree = "<group>"; };
		24285D4312AEE47000357539 /* QuartzCore.framework */ = {isa = PBXFileReference; lastKnownFileType = wrapper.framework; name = QuartzCore.framework; path = Xcode4/Platforms/iPhoneOS.platform/Developer/SDKs/iPhoneOS4.2.sdk/Xcode4/Platforms/iPhoneOS.platform/Developer/SDKs/iPhoneOS4.2.sdk/Xcode4/Platforms/iPhoneOS.platform/Developer/SDKs/iPhoneOS4.2.sdk/System/Library/Frameworks/QuartzCore.framework; sourceTree = SDKROOT; };
		242B2A2812AEED4D0029F46D /* DTResurrectionController+Debug.h */ = {isa = PBXFileReference; fileEncoding = 4; lastKnownFileType = sourcecode.c.h; path = "DTResurrectionController+Debug.h"; sourceTree = "<group>"; };
		242B2A2912AEED4D0029F46D /* DTResurrectionController+Debug.m */ = {isa = PBXFileReference; fileEncoding = 4; lastKnownFileType = sourcecode.c.objc; path = "DTResurrectionController+Debug.m"; sourceTree = "<group>"; };
		242B2A2A12AEED4D0029F46D /* DTResurrectionKitDebugView.xib */ = {isa = PBXFileReference; fileEncoding = 4; lastKnownFileType = file.xib; path = DTResurrectionKitDebugView.xib; sourceTree = "<group>"; };
		242B2A2B12AEED4D0029F46D /* DTResurrectionKitLoadView.xib */ = {isa = PBXFileReference; fileEncoding = 4; lastKnownFileType = file.xib; path = DTResurrectionKitLoadView.xib; sourceTree = "<group>"; };
		242B2A2C12AEED4D0029F46D /* DTResurrectionKitLoadViewController.h */ = {isa = PBXFileReference; fileEncoding = 4; lastKnownFileType = sourcecode.c.h; path = DTResurrectionKitLoadViewController.h; sourceTree = "<group>"; };
		242B2A2D12AEED4D0029F46D /* DTResurrectionKitLoadViewController.m */ = {isa = PBXFileReference; fileEncoding = 4; lastKnownFileType = sourcecode.c.objc; path = DTResurrectionKitLoadViewController.m; sourceTree = "<group>"; };
		242B2A2E12AEED4D0029F46D /* DTResurrectionKitSaveView.xib */ = {isa = PBXFileReference; fileEncoding = 4; lastKnownFileType = file.xib; path = DTResurrectionKitSaveView.xib; sourceTree = "<group>"; };
		242B2A2F12AEED4D0029F46D /* DTResurrectionKitSaveViewController.h */ = {isa = PBXFileReference; fileEncoding = 4; lastKnownFileType = sourcecode.c.h; path = DTResurrectionKitSaveViewController.h; sourceTree = "<group>"; };
		242B2A3012AEED4D0029F46D /* DTResurrectionKitSaveViewController.m */ = {isa = PBXFileReference; fileEncoding = 4; lastKnownFileType = sourcecode.c.objc; path = DTResurrectionKitSaveViewController.m; sourceTree = "<group>"; };
		242B2A3212AEED4D0029F46D /* DTResurrectionKitBarBackground.png */ = {isa = PBXFileReference; lastKnownFileType = image.png; path = DTResurrectionKitBarBackground.png; sourceTree = "<group>"; };
		242B2A3312AEED4D0029F46D /* DTResurrectionKitButtonCancelDefault.png */ = {isa = PBXFileReference; lastKnownFileType = image.png; path = DTResurrectionKitButtonCancelDefault.png; sourceTree = "<group>"; };
		242B2A3412AEED4D0029F46D /* DTResurrectionKitButtonCancelSelected.png */ = {isa = PBXFileReference; lastKnownFileType = image.png; path = DTResurrectionKitButtonCancelSelected.png; sourceTree = "<group>"; };
		242B2A3512AEED4D0029F46D /* DTResurrectionKitButtonLoadDefault.png */ = {isa = PBXFileReference; lastKnownFileType = image.png; path = DTResurrectionKitButtonLoadDefault.png; sourceTree = "<group>"; };
		242B2A3612AEED4D0029F46D /* DTResurrectionKitButtonLoadSelected.png */ = {isa = PBXFileReference; lastKnownFileType = image.png; path = DTResurrectionKitButtonLoadSelected.png; sourceTree = "<group>"; };
		242B2A3712AEED4D0029F46D /* DTResurrectionKitButtonSaveDefault.png */ = {isa = PBXFileReference; lastKnownFileType = image.png; path = DTResurrectionKitButtonSaveDefault.png; sourceTree = "<group>"; };
		242B2A3812AEED4D0029F46D /* DTResurrectionKitButtonSaveSelected.png */ = {isa = PBXFileReference; lastKnownFileType = image.png; path = DTResurrectionKitButtonSaveSelected.png; sourceTree = "<group>"; };
		2461780A11E3B1AB007EB306 /* DTResurrectionKitAppDelegate.h */ = {isa = PBXFileReference; fileEncoding = 4; lastKnownFileType = sourcecode.c.h; path = DTResurrectionKitAppDelegate.h; sourceTree = "<group>"; };
		2461780B11E3B1AB007EB306 /* DTResurrectionKitAppDelegate.m */ = {isa = PBXFileReference; fileEncoding = 4; lastKnownFileType = sourcecode.c.objc; path = DTResurrectionKitAppDelegate.m; sourceTree = "<group>"; };
		288765FC0DF74451002DB57D /* CoreGraphics.framework */ = {isa = PBXFileReference; lastKnownFileType = wrapper.framework; name = CoreGraphics.framework; path = System/Library/Frameworks/CoreGraphics.framework; sourceTree = SDKROOT; };
		28AD733E0D9D9553002E5188 /* MainWindow.xib */ = {isa = PBXFileReference; lastKnownFileType = file.xib; path = MainWindow.xib; sourceTree = "<group>"; };
		29B97316FDCFA39411CA2CEA /* main.m */ = {isa = PBXFileReference; fileEncoding = 4; lastKnownFileType = sourcecode.c.objc; path = main.m; sourceTree = "<group>"; };
		32CA4F630368D1EE00C91783 /* DTResurrectionKit_Prefix.pch */ = {isa = PBXFileReference; fileEncoding = 4; lastKnownFileType = sourcecode.c.h; path = DTResurrectionKit_Prefix.pch; sourceTree = "<group>"; };
		8D1107310486CEB800E47090 /* DTResurrectionKit-Info.plist */ = {isa = PBXFileReference; fileEncoding = 4; lastKnownFileType = text.plist.xml; path = "DTResurrectionKit-Info.plist"; plistStructureDefinitionIdentifier = "com.apple.xcode.plist.structure-definition.iphone.info-plist"; sourceTree = "<group>"; };
/* End PBXFileReference section */

/* Begin PBXFrameworksBuildPhase section */
		1D60588F0D05DD3D006BFB54 /* Frameworks */ = {
			isa = PBXFrameworksBuildPhase;
			buildActionMask = 2147483647;
			files = (
				24285D4412AEE47000357539 /* QuartzCore.framework in Frameworks */,
				1D60589F0D05DD5A006BFB54 /* Foundation.framework in Frameworks */,
				1DF5F4E00D08C38300B7A737 /* UIKit.framework in Frameworks */,
				288765FD0DF74451002DB57D /* CoreGraphics.framework in Frameworks */,
			);
			runOnlyForDeploymentPostprocessing = 0;
		};
/* End PBXFrameworksBuildPhase section */

/* Begin PBXGroup section */
		080E96DDFE201D6D7F000001 /* Classes */ = {
			isa = PBXGroup;
			children = (
				2461780A11E3B1AB007EB306 /* DTResurrectionKitAppDelegate.h */,
				2461780B11E3B1AB007EB306 /* DTResurrectionKitAppDelegate.m */,
				241E29D510F6A0240076D698 /* DTModalTestViewController.h */,
				241E29D610F6A0240076D698 /* DTModalTestViewController.m */,
				241E29D710F6A0240076D698 /* DTTestView.xib */,
				241E29D810F6A0240076D698 /* DTTestViewController.h */,
				241E29D910F6A0240076D698 /* DTTestViewController.m */,
			);
			path = Classes;
			sourceTree = "<group>";
		};
		19C28FACFE9D520D11CA2CBB /* Products */ = {
			isa = PBXGroup;
			children = (
				1D6058910D05DD3D006BFB54 /* DTResurrectionKit.app */,
			);
			name = Products;
			sourceTree = "<group>";
		};
		24285A6B12AEE34F00357539 /* DCTFoundation */ = {
			isa = PBXGroup;
			children = (
				24285A9312AEE34F00357539 /* DCTBlock.h */,
				24285A9412AEE34F00357539 /* DCTBlock.m */,
				24285A9512AEE34F00357539 /* DCTObservationInfo.h */,
				24285A9612AEE34F00357539 /* DCTObservationInfo.m */,
				24285A9712AEE34F00357539 /* DCTQueue.h */,
				24285A9812AEE34F00357539 /* DCTQueue.m */,
				24285A9912AEE34F00357539 /* DCTStack.h */,
				24285A9A12AEE34F00357539 /* DCTStack.m */,
				24285A9B12AEE34F00357539 /* NSArray+DCTExtras.h */,
				24285A9C12AEE34F00357539 /* NSArray+DCTExtras.m */,
				24285A9D12AEE34F00357539 /* NSDate+DCTDateComponents.h */,
				24285A9E12AEE34F00357539 /* NSDate+DCTDateComponents.m */,
				24285A9F12AEE34F00357539 /* NSDictionary+DCTExtras.h */,
				24285AA012AEE34F00357539 /* NSDictionary+DCTExtras.m */,
				24285AA112AEE34F00357539 /* NSError+DCTExtensions.h */,
				24285AA212AEE34F00357539 /* NSError+DCTExtensions.m */,
				24285AA312AEE34F00357539 /* NSMutableArray+DCTExtras.h */,
				24285AA412AEE34F00357539 /* NSMutableArray+DCTExtras.m */,
				24285AA512AEE34F00357539 /* NSMutableSet+DCTExtras.h */,
				24285AA612AEE34F00357539 /* NSMutableSet+DCTExtras.m */,
				24285AA712AEE34F00357539 /* NSObject+DCTKVOExtras.h */,
				24285AA812AEE34F00357539 /* NSObject+DCTKVOExtras.m */,
				24285AA912AEE34F00357539 /* NSObject+DCTPerformSelector.h */,
				24285AAA12AEE34F00357539 /* NSObject+DCTPerformSelector.m */,
			);
			name = DCTFoundation;
			path = /Users/danielctull/Dropbox/Programs/Cocoa/Frameworks/DTResurrectionKit/DCTFoundation;
			sourceTree = "<absolute>";
		};
		24285AAB12AEE34F00357539 /* DCTUIKit */ = {
			isa = PBXGroup;
			children = (
				24285AD312AEE34F00357539 /* Categories */,
				24285AE212AEE34F00357539 /* Core Data Based */,
				24285AEB12AEE34F00357539 /* DCTTabBarController */,
				24285AF212AEE34F00357539 /* Section Controller */,
				24285AF512AEE34F00357539 /* View Controllers */,
			);
			name = DCTUIKit;
			path = /Users/danielctull/Dropbox/Programs/Cocoa/Frameworks/DTResurrectionKit/DCTUIKit;
			sourceTree = "<absolute>";
		};
		24285AD312AEE34F00357539 /* Categories */ = {
			isa = PBXGroup;
			children = (
				24285AD412AEE34F00357539 /* UIAlertView+DCTErrorHandling.h */,
				24285AD512AEE34F00357539 /* UIAlertView+DCTErrorHandling.m */,
				24285AD612AEE34F00357539 /* UIDevice+DCTFeatureCheck.h */,
				24285AD712AEE34F00357539 /* UIDevice+DCTFeatureCheck.m */,
				24285AD812AEE34F00357539 /* UIDevice+DCTSystemVersion.h */,
				24285AD912AEE34F00357539 /* UIDevice+DCTSystemVersion.m */,
				24285ADA12AEE34F00357539 /* UIResponder+DCTNextResponderExtensions.h */,
				24285ADB12AEE34F00357539 /* UIResponder+DCTNextResponderExtensions.m */,
				24285ADC12AEE34F00357539 /* UITableViewCell+DCTExtensions.h */,
				24285ADD12AEE34F00357539 /* UITableViewCell+DCTExtensions.m */,
				24285ADE12AEE34F00357539 /* UIView+DCTLogging.h */,
				24285ADF12AEE34F00357539 /* UIView+DCTLogging.m */,
				24285AE012AEE34F00357539 /* UIView+DCTSubviewExtensions.h */,
				24285AE112AEE34F00357539 /* UIView+DCTSubviewExtensions.m */,
			);
			path = Categories;
			sourceTree = "<group>";
		};
		24285AE212AEE34F00357539 /* Core Data Based */ = {
			isa = PBXGroup;
			children = (
				24285AE312AEE34F00357539 /* DCTCoreDataTableViewController.h */,
				24285AE412AEE34F00357539 /* DCTCoreDataTableViewController.m */,
				24285AE512AEE34F00357539 /* DCTCoreDataViewController.h */,
				24285AE612AEE34F00357539 /* DCTCoreDataViewController.m */,
				24285AE712AEE34F00357539 /* DCTFetchedResultsTableViewController.h */,
				24285AE812AEE34F00357539 /* DCTFetchedResultsTableViewController.m */,
				24285AE912AEE34F00357539 /* UIViewController+DCTCoreDataViewController.h */,
				24285AEA12AEE34F00357539 /* UIViewController+DCTCoreDataViewController.m */,
			);
			path = "Core Data Based";
			sourceTree = "<group>";
		};
		24285AEB12AEE34F00357539 /* DCTTabBarController */ = {
			isa = PBXGroup;
			children = (
				24285AEC12AEE34F00357539 /* DCTTabBar.h */,
				24285AED12AEE34F00357539 /* DCTTabBar.m */,
				24285AEE12AEE34F00357539 /* DCTTabBarController.h */,
				24285AEF12AEE34F00357539 /* DCTTabBarController.m */,
				24285AF012AEE34F00357539 /* DCTUITabBar.h */,
				24285AF112AEE34F00357539 /* DCTUITabBar.m */,
			);
			path = DCTTabBarController;
			sourceTree = "<group>";
		};
		24285AF212AEE34F00357539 /* Section Controller */ = {
			isa = PBXGroup;
			children = (
				24285AF312AEE34F00357539 /* DCTTableViewSectionController.h */,
				24285AF412AEE34F00357539 /* DCTTableViewSectionController.m */,
			);
			path = "Section Controller";
			sourceTree = "<group>";
		};
		24285AF512AEE34F00357539 /* View Controllers */ = {
			isa = PBXGroup;
			children = (
				24285AF612AEE34F00357539 /* DCTContainerViewController.h */,
				24285AF712AEE34F00357539 /* DCTContainerViewController.m */,
				24285AF812AEE34F00357539 /* DCTContentViewController.h */,
				24285AF912AEE34F00357539 /* DCTContentViewController.m */,
				24285AFA12AEE34F00357539 /* DCTTableViewController.h */,
				24285AFB12AEE34F00357539 /* DCTTableViewController.m */,
				24285AFC12AEE34F00357539 /* DCTViewController.h */,
				24285AFD12AEE34F00357539 /* DCTViewController.m */,
			);
			path = "View Controllers";
			sourceTree = "<group>";
		};
		24285B4D12AEE36700357539 /* DTResurrectionKit */ = {
			isa = PBXGroup;
			children = (
				24285C6C12AEE36800357539 /* DTResurrectionController.h */,
				24285C6D12AEE36800357539 /* DTResurrectionController.m */,
				24285C8512AEE36800357539 /* DTResurrectionKit.h */,
				24285C8612AEE36800357539 /* DTResurrector.h */,
				24285C8712AEE36800357539 /* DTResurrector.m */,
				242B2A2712AEED4D0029F46D /* Resurrection Debugger */,
				24285C8812AEE36800357539 /* NSArray+DTResurrection.h */,
				24285C8912AEE36800357539 /* NSArray+DTResurrection.m */,
				24285C8A12AEE36800357539 /* NSDictionary+DTResurrection.h */,
				24285C8B12AEE36800357539 /* NSDictionary+DTResurrection.m */,
				24285C8D12AEE36800357539 /* UINavigationController+DTResurrection.h */,
				24285C8E12AEE36800357539 /* UINavigationController+DTResurrection.m */,
				24285C8F12AEE36800357539 /* UITabBarController+DTResurrection.h */,
				24285C9012AEE36800357539 /* UITabBarController+DTResurrection.m */,
				24285C9112AEE36800357539 /* UIViewController+DTResurrection.h */,
				24285C9212AEE36800357539 /* UIViewController+DTResurrection.m */,
			);
			name = DTResurrectionKit;
			path = /Users/danielctull/Dropbox/Programs/Cocoa/Frameworks/DTResurrectionKit;
			sourceTree = "<absolute>";
		};
		242B2A2712AEED4D0029F46D /* Resurrection Debugger */ = {
			isa = PBXGroup;
			children = (
				242B2A2812AEED4D0029F46D /* DTResurrectionController+Debug.h */,
				242B2A2912AEED4D0029F46D /* DTResurrectionController+Debug.m */,
				242B2A2A12AEED4D0029F46D /* DTResurrectionKitDebugView.xib */,
				242B2A2B12AEED4D0029F46D /* DTResurrectionKitLoadView.xib */,
				242B2A2C12AEED4D0029F46D /* DTResurrectionKitLoadViewController.h */,
				242B2A2D12AEED4D0029F46D /* DTResurrectionKitLoadViewController.m */,
				242B2A2E12AEED4D0029F46D /* DTResurrectionKitSaveView.xib */,
				242B2A2F12AEED4D0029F46D /* DTResurrectionKitSaveViewController.h */,
				242B2A3012AEED4D0029F46D /* DTResurrectionKitSaveViewController.m */,
				242B2A3112AEED4D0029F46D /* Images */,
			);
			path = "Resurrection Debugger";
			sourceTree = "<group>";
		};
		242B2A3112AEED4D0029F46D /* Images */ = {
			isa = PBXGroup;
			children = (
				242B2A3212AEED4D0029F46D /* DTResurrectionKitBarBackground.png */,
				242B2A3312AEED4D0029F46D /* DTResurrectionKitButtonCancelDefault.png */,
				242B2A3412AEED4D0029F46D /* DTResurrectionKitButtonCancelSelected.png */,
				242B2A3512AEED4D0029F46D /* DTResurrectionKitButtonLoadDefault.png */,
				242B2A3612AEED4D0029F46D /* DTResurrectionKitButtonLoadSelected.png */,
				242B2A3712AEED4D0029F46D /* DTResurrectionKitButtonSaveDefault.png */,
				242B2A3812AEED4D0029F46D /* DTResurrectionKitButtonSaveSelected.png */,
			);
			path = Images;
			sourceTree = "<group>";
		};
		29B97314FDCFA39411CA2CEA /* CustomTemplate */ = {
			isa = PBXGroup;
			children = (
				24285A6B12AEE34F00357539 /* DCTFoundation */,
				24285AAB12AEE34F00357539 /* DCTUIKit */,
				24285B4D12AEE36700357539 /* DTResurrectionKit */,
				080E96DDFE201D6D7F000001 /* Classes */,
				29B97315FDCFA39411CA2CEA /* Other Sources */,
				29B97317FDCFA39411CA2CEA /* Resources */,
				29B97323FDCFA39411CA2CEA /* Frameworks */,
				19C28FACFE9D520D11CA2CBB /* Products */,
			);
			name = CustomTemplate;
			sourceTree = "<group>";
		};
		29B97315FDCFA39411CA2CEA /* Other Sources */ = {
			isa = PBXGroup;
			children = (
				32CA4F630368D1EE00C91783 /* DTResurrectionKit_Prefix.pch */,
				29B97316FDCFA39411CA2CEA /* main.m */,
			);
			name = "Other Sources";
			sourceTree = "<group>";
		};
		29B97317FDCFA39411CA2CEA /* Resources */ = {
			isa = PBXGroup;
			children = (
				28AD733E0D9D9553002E5188 /* MainWindow.xib */,
				8D1107310486CEB800E47090 /* DTResurrectionKit-Info.plist */,
			);
			name = Resources;
			sourceTree = "<group>";
		};
		29B97323FDCFA39411CA2CEA /* Frameworks */ = {
			isa = PBXGroup;
			children = (
				1DF5F4DF0D08C38300B7A737 /* UIKit.framework */,
				1D30AB110D05D00D00671497 /* Foundation.framework */,
				24285D4312AEE47000357539 /* QuartzCore.framework */,
				288765FC0DF74451002DB57D /* CoreGraphics.framework */,
			);
			name = Frameworks;
			sourceTree = "<group>";
		};
/* End PBXGroup section */

/* Begin PBXNativeTarget section */
		1D6058900D05DD3D006BFB54 /* DTResurrectionKitApp */ = {
			isa = PBXNativeTarget;
			buildConfigurationList = 1D6058960D05DD3E006BFB54 /* Build configuration list for PBXNativeTarget "DTResurrectionKitApp" */;
			buildPhases = (
				1D60588D0D05DD3D006BFB54 /* Resources */,
				1D60588E0D05DD3D006BFB54 /* Sources */,
				1D60588F0D05DD3D006BFB54 /* Frameworks */,
			);
			buildRules = (
			);
			dependencies = (
			);
			name = DTResurrectionKitApp;
			productName = DTSpringBack;
			productReference = 1D6058910D05DD3D006BFB54 /* DTResurrectionKit.app */;
			productType = "com.apple.product-type.application";
		};
/* End PBXNativeTarget section */

/* Begin PBXProject section */
		29B97313FDCFA39411CA2CEA /* Project object */ = {
			isa = PBXProject;
			buildConfigurationList = C01FCF4E08A954540054247B /* Build configuration list for PBXProject "DTResurrectionKit" */;
			compatibilityVersion = "Xcode 3.1";
			developmentRegion = English;
			hasScannedForEncodings = 1;
			knownRegions = (
				English,
				Japanese,
				French,
				German,
			);
			mainGroup = 29B97314FDCFA39411CA2CEA /* CustomTemplate */;
			projectDirPath = "";
			projectRoot = "";
			targets = (
				1D6058900D05DD3D006BFB54 /* DTResurrectionKitApp */,
			);
		};
/* End PBXProject section */

/* Begin PBXResourcesBuildPhase section */
		1D60588D0D05DD3D006BFB54 /* Resources */ = {
			isa = PBXResourcesBuildPhase;
			buildActionMask = 2147483647;
			files = (
				28AD733F0D9D9553002E5188 /* MainWindow.xib in Resources */,
				241E29DD10F6A0240076D698 /* DTTestView.xib in Resources */,
				242B2A3A12AEED4D0029F46D /* DTResurrectionKitDebugView.xib in Resources */,
				242B2A3B12AEED4D0029F46D /* DTResurrectionKitLoadView.xib in Resources */,
				242B2A3D12AEED4D0029F46D /* DTResurrectionKitSaveView.xib in Resources */,
				242B2A3F12AEED4D0029F46D /* DTResurrectionKitBarBackground.png in Resources */,
				242B2A4012AEED4D0029F46D /* DTResurrectionKitButtonCancelDefault.png in Resources */,
				242B2A4112AEED4D0029F46D /* DTResurrectionKitButtonCancelSelected.png in Resources */,
				242B2A4212AEED4D0029F46D /* DTResurrectionKitButtonLoadDefault.png in Resources */,
				242B2A4312AEED4D0029F46D /* DTResurrectionKitButtonLoadSelected.png in Resources */,
				242B2A4412AEED4D0029F46D /* DTResurrectionKitButtonSaveDefault.png in Resources */,
				242B2A4512AEED4D0029F46D /* DTResurrectionKitButtonSaveSelected.png in Resources */,
			);
			runOnlyForDeploymentPostprocessing = 0;
		};
/* End PBXResourcesBuildPhase section */

/* Begin PBXSourcesBuildPhase section */
		1D60588E0D05DD3D006BFB54 /* Sources */ = {
			isa = PBXSourcesBuildPhase;
			buildActionMask = 2147483647;
			files = (
				1D60589B0D05DD56006BFB54 /* main.m in Sources */,
				241E29DC10F6A0240076D698 /* DTModalTestViewController.m in Sources */,
				241E29DE10F6A0240076D698 /* DTTestViewController.m in Sources */,
				2461780C11E3B1AB007EB306 /* DTResurrectionKitAppDelegate.m in Sources */,
				24285B1612AEE34F00357539 /* DCTBlock.m in Sources */,
				24285B1712AEE34F00357539 /* DCTObservationInfo.m in Sources */,
				24285B1812AEE34F00357539 /* DCTQueue.m in Sources */,
				24285B1912AEE34F00357539 /* DCTStack.m in Sources */,
				24285B1A12AEE34F00357539 /* NSArray+DCTExtras.m in Sources */,
				24285B1B12AEE34F00357539 /* NSDate+DCTDateComponents.m in Sources */,
				24285B1C12AEE34F00357539 /* NSDictionary+DCTExtras.m in Sources */,
				24285B1D12AEE34F00357539 /* NSError+DCTExtensions.m in Sources */,
				24285B1E12AEE34F00357539 /* NSMutableArray+DCTExtras.m in Sources */,
				24285B1F12AEE34F00357539 /* NSMutableSet+DCTExtras.m in Sources */,
				24285B2012AEE34F00357539 /* NSObject+DCTKVOExtras.m in Sources */,
				24285B2112AEE34F00357539 /* NSObject+DCTPerformSelector.m in Sources */,
				24285B3A12AEE34F00357539 /* UIAlertView+DCTErrorHandling.m in Sources */,
				24285B3B12AEE34F00357539 /* UIDevice+DCTFeatureCheck.m in Sources */,
				24285B3C12AEE34F00357539 /* UIDevice+DCTSystemVersion.m in Sources */,
				24285B3D12AEE34F00357539 /* UIResponder+DCTNextResponderExtensions.m in Sources */,
				24285B3E12AEE34F00357539 /* UITableViewCell+DCTExtensions.m in Sources */,
				24285B3F12AEE34F00357539 /* UIView+DCTLogging.m in Sources */,
				24285B4012AEE34F00357539 /* UIView+DCTSubviewExtensions.m in Sources */,
				24285B4112AEE34F00357539 /* DCTCoreDataTableViewController.m in Sources */,
				24285B4212AEE34F00357539 /* DCTCoreDataViewController.m in Sources */,
				24285B4312AEE34F00357539 /* DCTFetchedResultsTableViewController.m in Sources */,
				24285B4412AEE34F00357539 /* UIViewController+DCTCoreDataViewController.m in Sources */,
				24285B4512AEE34F00357539 /* DCTTabBar.m in Sources */,
				24285B4612AEE34F00357539 /* DCTTabBarController.m in Sources */,
				24285B4712AEE34F00357539 /* DCTUITabBar.m in Sources */,
				24285B4812AEE34F00357539 /* DCTTableViewSectionController.m in Sources */,
				24285B4912AEE34F00357539 /* DCTContainerViewController.m in Sources */,
				24285B4A12AEE34F00357539 /* DCTContentViewController.m in Sources */,
				24285B4B12AEE34F00357539 /* DCTTableViewController.m in Sources */,
				24285B4C12AEE34F00357539 /* DCTViewController.m in Sources */,
				24285D3112AEE36800357539 /* DTResurrectionController.m in Sources */,
				24285D3C12AEE36800357539 /* DTResurrector.m in Sources */,
				24285D3D12AEE36800357539 /* NSArray+DTResurrection.m in Sources */,
				24285D3E12AEE36800357539 /* NSDictionary+DTResurrection.m in Sources */,
				24285D4012AEE36800357539 /* UINavigationController+DTResurrection.m in Sources */,
				24285D4112AEE36800357539 /* UITabBarController+DTResurrection.m in Sources */,
				24285D4212AEE36800357539 /* UIViewController+DTResurrection.m in Sources */,
				242B2A3912AEED4D0029F46D /* DTResurrectionController+Debug.m in Sources */,
				242B2A3C12AEED4D0029F46D /* DTResurrectionKitLoadViewController.m in Sources */,
				242B2A3E12AEED4D0029F46D /* DTResurrectionKitSaveViewController.m in Sources */,
			);
			runOnlyForDeploymentPostprocessing = 0;
		};
/* End PBXSourcesBuildPhase section */

/* Begin XCBuildConfiguration section */
		1D6058940D05DD3E006BFB54 /* Debug */ = {
			isa = XCBuildConfiguration;
			buildSettings = {
				ALWAYS_SEARCH_USER_PATHS = NO;
				COPY_PHASE_STRIP = NO;
				GCC_DYNAMIC_NO_PIC = NO;
				GCC_OPTIMIZATION_LEVEL = 0;
				GCC_PRECOMPILE_PREFIX_HEADER = YES;
				GCC_PREFIX_HEADER = DTResurrectionKit_Prefix.pch;
				INFOPLIST_FILE = "DTResurrectionKit-Info.plist";
				LIBRARY_SEARCH_PATHS = "$(inherited)";
				PRODUCT_NAME = DTResurrectionKit;
			};
			name = Debug;
		};
		1D6058950D05DD3E006BFB54 /* Release */ = {
			isa = XCBuildConfiguration;
			buildSettings = {
				ALWAYS_SEARCH_USER_PATHS = NO;
				COPY_PHASE_STRIP = YES;
				GCC_PRECOMPILE_PREFIX_HEADER = YES;
				GCC_PREFIX_HEADER = DTResurrectionKit_Prefix.pch;
				INFOPLIST_FILE = "DTResurrectionKit-Info.plist";
				LIBRARY_SEARCH_PATHS = (
					"$(inherited)",
					"\"$(SRCROOT)/DTFoundation\"",
					"\"$(SRCROOT)/DTUIKit\"",
				);
				PRODUCT_NAME = DTResurrectionKit;
			};
			name = Release;
		};
		C01FCF4F08A954540054247B /* Debug */ = {
			isa = XCBuildConfiguration;
			buildSettings = {
				ARCHS = "$(ARCHS_STANDARD_32_BIT)";
				"CODE_SIGN_IDENTITY[sdk=iphoneos*]" = "iPhone Developer";
				GCC_C_LANGUAGE_STANDARD = c99;
				GCC_WARN_ABOUT_RETURN_TYPE = YES;
				GCC_WARN_UNUSED_VARIABLE = YES;
				PREBINDING = NO;
				SDKROOT = iphoneos;
			};
			name = Debug;
		};
		C01FCF5008A954540054247B /* Release */ = {
			isa = XCBuildConfiguration;
			buildSettings = {
				ARCHS = "$(ARCHS_STANDARD_32_BIT)";
				"CODE_SIGN_IDENTITY[sdk=iphoneos*]" = "iPhone Developer";
				GCC_C_LANGUAGE_STANDARD = c99;
				GCC_WARN_ABOUT_RETURN_TYPE = YES;
				GCC_WARN_UNUSED_VARIABLE = YES;
				PREBINDING = NO;
				SDKROOT = iphoneos;
			};
			name = Release;
		};
/* End XCBuildConfiguration section */

/* Begin XCConfigurationList section */
		1D6058960D05DD3E006BFB54 /* Build configuration list for PBXNativeTarget "DTResurrectionKitApp" */ = {
			isa = XCConfigurationList;
			buildConfigurations = (
				1D6058940D05DD3E006BFB54 /* Debug */,
				1D6058950D05DD3E006BFB54 /* Release */,
			);
			defaultConfigurationIsVisible = 0;
			defaultConfigurationName = Release;
		};
		C01FCF4E08A954540054247B /* Build configuration list for PBXProject "DTResurrectionKit" */ = {
			isa = XCConfigurationList;
			buildConfigurations = (
				C01FCF4F08A954540054247B /* Debug */,
				C01FCF5008A954540054247B /* Release */,
			);
			defaultConfigurationIsVisible = 0;
			defaultConfigurationName = Release;
		};
/* End XCConfigurationList section */
	};
	rootObject = 29B97313FDCFA39411CA2CEA /* Project object */;
}
