// !$*UTF8*$!
{
	archiveVersion = 1;
	classes = {
	};
	objectVersion = 45;
	objects = {

/* Begin PBXBuildFile section */
		1D3623260D0F684500981E51 /* DTResurrectionKitAppDelegate.m in Sources */ = {isa = PBXBuildFile; fileRef = 1D3623250D0F684500981E51 /* DTResurrectionKitAppDelegate.m */; };
		1D60589B0D05DD56006BFB54 /* main.m in Sources */ = {isa = PBXBuildFile; fileRef = 29B97316FDCFA39411CA2CEA /* main.m */; };
		1D60589F0D05DD5A006BFB54 /* Foundation.framework in Frameworks */ = {isa = PBXBuildFile; fileRef = 1D30AB110D05D00D00671497 /* Foundation.framework */; };
		1DF5F4E00D08C38300B7A737 /* UIKit.framework in Frameworks */ = {isa = PBXBuildFile; fileRef = 1DF5F4DF0D08C38300B7A737 /* UIKit.framework */; };
		247B7D1510B1536F00BDA8BF /* DTContentController.m in Sources */ = {isa = PBXBuildFile; fileRef = 247B7D0810B1536F00BDA8BF /* DTContentController.m */; };
		247B7D2710B156D200BDA8BF /* DTContentController.m in Sources */ = {isa = PBXBuildFile; fileRef = 247B7D0810B1536F00BDA8BF /* DTContentController.m */; };
		247B7D7310B158D500BDA8BF /* DTSpringBackDebugView.xib in Resources */ = {isa = PBXBuildFile; fileRef = 247B7D7210B158D500BDA8BF /* DTSpringBackDebugView.xib */; };
		247B7DB210B15C3B00BDA8BF /* DTSpringBackDebugView.xib in Resources */ = {isa = PBXBuildFile; fileRef = 247B7D7210B158D500BDA8BF /* DTSpringBackDebugView.xib */; };
		247B7DD310B1627000BDA8BF /* DTSpringBackLoadViewController.m in Sources */ = {isa = PBXBuildFile; fileRef = 247B7DD210B1627000BDA8BF /* DTSpringBackLoadViewController.m */; };
		247B7E0410B1681000BDA8BF /* DTSpringBackSaveViewController.m in Sources */ = {isa = PBXBuildFile; fileRef = 247B7E0310B1681000BDA8BF /* DTSpringBackSaveViewController.m */; };
		247B7E0810B1682200BDA8BF /* DTSpringBackSaveView.xib in Resources */ = {isa = PBXBuildFile; fileRef = 247B7E0710B1682200BDA8BF /* DTSpringBackSaveView.xib */; };
		247B7ED510B1A8C700BDA8BF /* DTTestViewController.m in Sources */ = {isa = PBXBuildFile; fileRef = 247B7ED410B1A8C700BDA8BF /* DTTestViewController.m */; };
		247B7ED910B1A95500BDA8BF /* DTTestView.xib in Resources */ = {isa = PBXBuildFile; fileRef = 247B7ED810B1A95500BDA8BF /* DTTestView.xib */; };
		24840D8010AB6541001AC236 /* DTSpringBackUIViewControllerTest.m in Sources */ = {isa = PBXBuildFile; fileRef = 24840D7F10AB6541001AC236 /* DTSpringBackUIViewControllerTest.m */; };
		24840DB410AB674C001AC236 /* DTSpringBackController.m in Sources */ = {isa = PBXBuildFile; fileRef = 24D07D8310A9CCE600716ED8 /* DTSpringBackController.m */; };
		24840DB510AB674C001AC236 /* DTSpringBackEncoder.m in Sources */ = {isa = PBXBuildFile; fileRef = 24D07D8510A9CCE600716ED8 /* DTSpringBackEncoder.m */; };
		24840DB610AB674D001AC236 /* NSArray+DTSpringBack.m in Sources */ = {isa = PBXBuildFile; fileRef = 24D07D8710A9CCE600716ED8 /* NSArray+DTSpringBack.m */; };
		24840DB710AB674F001AC236 /* NSDictionary+DTSpringBack.m in Sources */ = {isa = PBXBuildFile; fileRef = 24D07D8910A9CCE600716ED8 /* NSDictionary+DTSpringBack.m */; };
		24840DB810AB6750001AC236 /* UINavigationController+DTSpringBack.m in Sources */ = {isa = PBXBuildFile; fileRef = 24D07D8B10A9CCE600716ED8 /* UINavigationController+DTSpringBack.m */; };
		24840DB910AB6752001AC236 /* UITabBarController+DTSpringBack.m in Sources */ = {isa = PBXBuildFile; fileRef = 24D07D8D10A9CCE600716ED8 /* UITabBarController+DTSpringBack.m */; };
		24840DBA10AB6753001AC236 /* UIViewController+DTSpringBack.m in Sources */ = {isa = PBXBuildFile; fileRef = 24D07D8F10A9CCE600716ED8 /* UIViewController+DTSpringBack.m */; };
		24840E4C10AB6BA4001AC236 /* DTSpringBackUITabBarControllerTests.m in Sources */ = {isa = PBXBuildFile; fileRef = 24840E4B10AB6BA4001AC236 /* DTSpringBackUITabBarControllerTests.m */; };
		24D07D9010A9CCE600716ED8 /* DTSpringBackController.m in Sources */ = {isa = PBXBuildFile; fileRef = 24D07D8310A9CCE600716ED8 /* DTSpringBackController.m */; };
		24D07D9110A9CCE600716ED8 /* DTSpringBackEncoder.m in Sources */ = {isa = PBXBuildFile; fileRef = 24D07D8510A9CCE600716ED8 /* DTSpringBackEncoder.m */; };
		24D07D9210A9CCE600716ED8 /* NSArray+DTSpringBack.m in Sources */ = {isa = PBXBuildFile; fileRef = 24D07D8710A9CCE600716ED8 /* NSArray+DTSpringBack.m */; };
		24D07D9310A9CCE600716ED8 /* NSDictionary+DTSpringBack.m in Sources */ = {isa = PBXBuildFile; fileRef = 24D07D8910A9CCE600716ED8 /* NSDictionary+DTSpringBack.m */; };
		24D07D9410A9CCE600716ED8 /* UINavigationController+DTSpringBack.m in Sources */ = {isa = PBXBuildFile; fileRef = 24D07D8B10A9CCE600716ED8 /* UINavigationController+DTSpringBack.m */; };
		24D07D9510A9CCE600716ED8 /* UITabBarController+DTSpringBack.m in Sources */ = {isa = PBXBuildFile; fileRef = 24D07D8D10A9CCE600716ED8 /* UITabBarController+DTSpringBack.m */; };
		24D07D9610A9CCE600716ED8 /* UIViewController+DTSpringBack.m in Sources */ = {isa = PBXBuildFile; fileRef = 24D07D8F10A9CCE600716ED8 /* UIViewController+DTSpringBack.m */; };
		24E1D58910AF3C12000EDD26 /* DTStack.m in Sources */ = {isa = PBXBuildFile; fileRef = 24E1D58810AF3C12000EDD26 /* DTStack.m */; };
		24E1D59010AF3C2E000EDD26 /* DTStack.m in Sources */ = {isa = PBXBuildFile; fileRef = 24E1D58810AF3C12000EDD26 /* DTStack.m */; };
		288765A50DF7441C002DB57D /* CoreGraphics.framework in Frameworks */ = {isa = PBXBuildFile; fileRef = 288765A40DF7441C002DB57D /* CoreGraphics.framework */; };
		28AD733F0D9D9553002E5188 /* MainWindow.xib in Resources */ = {isa = PBXBuildFile; fileRef = 28AD733E0D9D9553002E5188 /* MainWindow.xib */; };
		28C3AD8A0F43EF2300507BA6 /* DTResurrectionKit.xcdatamodel in Sources */ = {isa = PBXBuildFile; fileRef = 28C3AD890F43EF2300507BA6 /* DTResurrectionKit.xcdatamodel */; };
		28D801B40F44B63D00FB423F /* CoreData.framework in Frameworks */ = {isa = PBXBuildFile; fileRef = 28D801B30F44B63D00FB423F /* CoreData.framework */; };
/* End PBXBuildFile section */

/* Begin PBXFileReference section */
		1D30AB110D05D00D00671497 /* Foundation.framework */ = {isa = PBXFileReference; lastKnownFileType = wrapper.framework; name = Foundation.framework; path = System/Library/Frameworks/Foundation.framework; sourceTree = SDKROOT; };
		1D3623240D0F684500981E51 /* DTResurrectionKitAppDelegate.h */ = {isa = PBXFileReference; fileEncoding = 4; lastKnownFileType = sourcecode.c.h; path = DTResurrectionKitAppDelegate.h; sourceTree = "<group>"; };
		1D3623250D0F684500981E51 /* DTResurrectionKitAppDelegate.m */ = {isa = PBXFileReference; fileEncoding = 4; lastKnownFileType = sourcecode.c.objc; path = DTResurrectionKitAppDelegate.m; sourceTree = "<group>"; };
		1D6058910D05DD3D006BFB54 /* SpringBack.app */ = {isa = PBXFileReference; explicitFileType = wrapper.application; includeInIndex = 0; path = SpringBack.app; sourceTree = BUILT_PRODUCTS_DIR; };
		1DF5F4DF0D08C38300B7A737 /* UIKit.framework */ = {isa = PBXFileReference; lastKnownFileType = wrapper.framework; name = UIKit.framework; path = System/Library/Frameworks/UIKit.framework; sourceTree = SDKROOT; };
		247B7D0710B1536F00BDA8BF /* DTContentController.h */ = {isa = PBXFileReference; fileEncoding = 4; lastKnownFileType = sourcecode.c.h; path = DTContentController.h; sourceTree = "<group>"; };
		247B7D0810B1536F00BDA8BF /* DTContentController.m */ = {isa = PBXFileReference; fileEncoding = 4; lastKnownFileType = sourcecode.c.objc; path = DTContentController.m; sourceTree = "<group>"; };
		247B7D7210B158D500BDA8BF /* DTSpringBackDebugView.xib */ = {isa = PBXFileReference; lastKnownFileType = file.xib; path = DTSpringBackDebugView.xib; sourceTree = "<group>"; };
		247B7DD110B1627000BDA8BF /* DTSpringBackLoadViewController.h */ = {isa = PBXFileReference; fileEncoding = 4; lastKnownFileType = sourcecode.c.h; path = DTSpringBackLoadViewController.h; sourceTree = "<group>"; };
		247B7DD210B1627000BDA8BF /* DTSpringBackLoadViewController.m */ = {isa = PBXFileReference; fileEncoding = 4; lastKnownFileType = sourcecode.c.objc; path = DTSpringBackLoadViewController.m; sourceTree = "<group>"; };
		247B7E0210B1681000BDA8BF /* DTSpringBackSaveViewController.h */ = {isa = PBXFileReference; fileEncoding = 4; lastKnownFileType = sourcecode.c.h; path = DTSpringBackSaveViewController.h; sourceTree = "<group>"; };
		247B7E0310B1681000BDA8BF /* DTSpringBackSaveViewController.m */ = {isa = PBXFileReference; fileEncoding = 4; lastKnownFileType = sourcecode.c.objc; path = DTSpringBackSaveViewController.m; sourceTree = "<group>"; };
		247B7E0710B1682200BDA8BF /* DTSpringBackSaveView.xib */ = {isa = PBXFileReference; lastKnownFileType = file.xib; path = DTSpringBackSaveView.xib; sourceTree = "<group>"; };
		247B7ED310B1A8C700BDA8BF /* DTTestViewController.h */ = {isa = PBXFileReference; fileEncoding = 4; lastKnownFileType = sourcecode.c.h; path = DTTestViewController.h; sourceTree = "<group>"; };
		247B7ED410B1A8C700BDA8BF /* DTTestViewController.m */ = {isa = PBXFileReference; fileEncoding = 4; lastKnownFileType = sourcecode.c.objc; path = DTTestViewController.m; sourceTree = "<group>"; };
		247B7ED810B1A95500BDA8BF /* DTTestView.xib */ = {isa = PBXFileReference; lastKnownFileType = file.xib; path = DTTestView.xib; sourceTree = "<group>"; };
		24840D7710AB64EC001AC236 /* SpringBackTest.octest */ = {isa = PBXFileReference; explicitFileType = wrapper.cfbundle; includeInIndex = 0; path = SpringBackTest.octest; sourceTree = BUILT_PRODUCTS_DIR; };
		24840D7810AB64EC001AC236 /* SpringBackTest-Info.plist */ = {isa = PBXFileReference; lastKnownFileType = text.plist.xml; path = "SpringBackTest-Info.plist"; sourceTree = "<group>"; };
		24840D7E10AB6541001AC236 /* DTSpringBackUIViewControllerTest.h */ = {isa = PBXFileReference; fileEncoding = 4; lastKnownFileType = sourcecode.c.h; path = DTSpringBackUIViewControllerTest.h; sourceTree = "<group>"; };
		24840D7F10AB6541001AC236 /* DTSpringBackUIViewControllerTest.m */ = {isa = PBXFileReference; fileEncoding = 4; lastKnownFileType = sourcecode.c.objc; path = DTSpringBackUIViewControllerTest.m; sourceTree = "<group>"; };
		24840E4A10AB6BA4001AC236 /* DTSpringBackUITabBarControllerTests.h */ = {isa = PBXFileReference; fileEncoding = 4; lastKnownFileType = sourcecode.c.h; path = DTSpringBackUITabBarControllerTests.h; sourceTree = "<group>"; };
		24840E4B10AB6BA4001AC236 /* DTSpringBackUITabBarControllerTests.m */ = {isa = PBXFileReference; fileEncoding = 4; lastKnownFileType = sourcecode.c.objc; path = DTSpringBackUITabBarControllerTests.m; sourceTree = "<group>"; };
		24D07D8110A9CCE600716ED8 /* DTSpringBack.h */ = {isa = PBXFileReference; fileEncoding = 4; lastKnownFileType = sourcecode.c.h; path = DTSpringBack.h; sourceTree = "<group>"; };
		24D07D8210A9CCE600716ED8 /* DTSpringBackController.h */ = {isa = PBXFileReference; fileEncoding = 4; lastKnownFileType = sourcecode.c.h; path = DTSpringBackController.h; sourceTree = "<group>"; };
		24D07D8310A9CCE600716ED8 /* DTSpringBackController.m */ = {isa = PBXFileReference; fileEncoding = 4; lastKnownFileType = sourcecode.c.objc; path = DTSpringBackController.m; sourceTree = "<group>"; };
		24D07D8410A9CCE600716ED8 /* DTSpringBackEncoder.h */ = {isa = PBXFileReference; fileEncoding = 4; lastKnownFileType = sourcecode.c.h; path = DTSpringBackEncoder.h; sourceTree = "<group>"; };
		24D07D8510A9CCE600716ED8 /* DTSpringBackEncoder.m */ = {isa = PBXFileReference; fileEncoding = 4; lastKnownFileType = sourcecode.c.objc; path = DTSpringBackEncoder.m; sourceTree = "<group>"; };
		24D07D8610A9CCE600716ED8 /* NSArray+DTSpringBack.h */ = {isa = PBXFileReference; fileEncoding = 4; lastKnownFileType = sourcecode.c.h; path = "NSArray+DTSpringBack.h"; sourceTree = "<group>"; };
		24D07D8710A9CCE600716ED8 /* NSArray+DTSpringBack.m */ = {isa = PBXFileReference; fileEncoding = 4; lastKnownFileType = sourcecode.c.objc; path = "NSArray+DTSpringBack.m"; sourceTree = "<group>"; };
		24D07D8810A9CCE600716ED8 /* NSDictionary+DTSpringBack.h */ = {isa = PBXFileReference; fileEncoding = 4; lastKnownFileType = sourcecode.c.h; path = "NSDictionary+DTSpringBack.h"; sourceTree = "<group>"; };
		24D07D8910A9CCE600716ED8 /* NSDictionary+DTSpringBack.m */ = {isa = PBXFileReference; fileEncoding = 4; lastKnownFileType = sourcecode.c.objc; path = "NSDictionary+DTSpringBack.m"; sourceTree = "<group>"; };
		24D07D8A10A9CCE600716ED8 /* UINavigationController+DTSpringBack.h */ = {isa = PBXFileReference; fileEncoding = 4; lastKnownFileType = sourcecode.c.h; path = "UINavigationController+DTSpringBack.h"; sourceTree = "<group>"; };
		24D07D8B10A9CCE600716ED8 /* UINavigationController+DTSpringBack.m */ = {isa = PBXFileReference; fileEncoding = 4; lastKnownFileType = sourcecode.c.objc; path = "UINavigationController+DTSpringBack.m"; sourceTree = "<group>"; };
		24D07D8C10A9CCE600716ED8 /* UITabBarController+DTSpringBack.h */ = {isa = PBXFileReference; fileEncoding = 4; lastKnownFileType = sourcecode.c.h; path = "UITabBarController+DTSpringBack.h"; sourceTree = "<group>"; };
		24D07D8D10A9CCE600716ED8 /* UITabBarController+DTSpringBack.m */ = {isa = PBXFileReference; fileEncoding = 4; lastKnownFileType = sourcecode.c.objc; path = "UITabBarController+DTSpringBack.m"; sourceTree = "<group>"; };
		24D07D8E10A9CCE600716ED8 /* UIViewController+DTSpringBack.h */ = {isa = PBXFileReference; fileEncoding = 4; lastKnownFileType = sourcecode.c.h; path = "UIViewController+DTSpringBack.h"; sourceTree = "<group>"; };
		24D07D8F10A9CCE600716ED8 /* UIViewController+DTSpringBack.m */ = {isa = PBXFileReference; fileEncoding = 4; lastKnownFileType = sourcecode.c.objc; path = "UIViewController+DTSpringBack.m"; sourceTree = "<group>"; };
		24E1D58710AF3C12000EDD26 /* DTStack.h */ = {isa = PBXFileReference; fileEncoding = 4; lastKnownFileType = sourcecode.c.h; path = DTStack.h; sourceTree = "<group>"; };
		24E1D58810AF3C12000EDD26 /* DTStack.m */ = {isa = PBXFileReference; fileEncoding = 4; lastKnownFileType = sourcecode.c.objc; path = DTStack.m; sourceTree = "<group>"; };
		288765A40DF7441C002DB57D /* CoreGraphics.framework */ = {isa = PBXFileReference; lastKnownFileType = wrapper.framework; name = CoreGraphics.framework; path = System/Library/Frameworks/CoreGraphics.framework; sourceTree = SDKROOT; };
		28AD733E0D9D9553002E5188 /* MainWindow.xib */ = {isa = PBXFileReference; lastKnownFileType = file.xib; path = MainWindow.xib; sourceTree = "<group>"; };
		28C3AD890F43EF2300507BA6 /* DTResurrectionKit.xcdatamodel */ = {isa = PBXFileReference; fileEncoding = 4; lastKnownFileType = wrapper.xcdatamodel; path = DTResurrectionKit.xcdatamodel; sourceTree = "<group>"; };
		28D801B30F44B63D00FB423F /* CoreData.framework */ = {isa = PBXFileReference; lastKnownFileType = wrapper.framework; name = CoreData.framework; path = System/Library/Frameworks/CoreData.framework; sourceTree = SDKROOT; };
		29B97316FDCFA39411CA2CEA /* main.m */ = {isa = PBXFileReference; fileEncoding = 4; lastKnownFileType = sourcecode.c.objc; path = main.m; sourceTree = "<group>"; };
		32CA4F630368D1EE00C91783 /* DTResurrectionKit_Prefix.pch */ = {isa = PBXFileReference; fileEncoding = 4; lastKnownFileType = sourcecode.c.h; path = DTResurrectionKit_Prefix.pch; sourceTree = "<group>"; };
		8D1107310486CEB800E47090 /* DTResurrectionKit-Info.plist */ = {isa = PBXFileReference; fileEncoding = 4; lastKnownFileType = text.plist.xml; path = "DTResurrectionKit-Info.plist"; sourceTree = "<group>"; };
/* End PBXFileReference section */

/* Begin PBXFrameworksBuildPhase section */
		1D60588F0D05DD3D006BFB54 /* Frameworks */ = {
			isa = PBXFrameworksBuildPhase;
			buildActionMask = 2147483647;
			files = (
				1D60589F0D05DD5A006BFB54 /* Foundation.framework in Frameworks */,
				1DF5F4E00D08C38300B7A737 /* UIKit.framework in Frameworks */,
				288765A50DF7441C002DB57D /* CoreGraphics.framework in Frameworks */,
				28D801B40F44B63D00FB423F /* CoreData.framework in Frameworks */,
			);
			runOnlyForDeploymentPostprocessing = 0;
		};
		24840D7410AB64EC001AC236 /* Frameworks */ = {
			isa = PBXFrameworksBuildPhase;
			buildActionMask = 2147483647;
			files = (
			);
			runOnlyForDeploymentPostprocessing = 0;
		};
/* End PBXFrameworksBuildPhase section */

/* Begin PBXGroup section */
		080E96DDFE201D6D7F000001 /* Classes */ = {
			isa = PBXGroup;
			children = (
				1D3623240D0F684500981E51 /* DTResurrectionKitAppDelegate.h */,
				1D3623250D0F684500981E51 /* DTResurrectionKitAppDelegate.m */,
				247B7ED310B1A8C700BDA8BF /* DTTestViewController.h */,
				247B7ED410B1A8C700BDA8BF /* DTTestViewController.m */,
				247B7ED810B1A95500BDA8BF /* DTTestView.xib */,
			);
			path = Classes;
			sourceTree = "<group>";
		};
		19C28FACFE9D520D11CA2CBB /* Products */ = {
			isa = PBXGroup;
			children = (
				1D6058910D05DD3D006BFB54 /* SpringBack.app */,
				24840D7710AB64EC001AC236 /* SpringBackTest.octest */,
			);
			name = Products;
			sourceTree = "<group>";
		};
		247B7D0610B1536F00BDA8BF /* DTTabBarController */ = {
			isa = PBXGroup;
			children = (
				247B7D0710B1536F00BDA8BF /* DTContentController.h */,
				247B7D0810B1536F00BDA8BF /* DTContentController.m */,
			);
			name = DTTabBarController;
			path = ../DTKit/DTTabBarController;
			sourceTree = SOURCE_ROOT;
		};
		24840D6E10AB64CF001AC236 /* Unit Tests */ = {
			isa = PBXGroup;
			children = (
				24840D7E10AB6541001AC236 /* DTSpringBackUIViewControllerTest.h */,
				24840D7F10AB6541001AC236 /* DTSpringBackUIViewControllerTest.m */,
				24840E4A10AB6BA4001AC236 /* DTSpringBackUITabBarControllerTests.h */,
				24840E4B10AB6BA4001AC236 /* DTSpringBackUITabBarControllerTests.m */,
			);
			path = "Unit Tests";
			sourceTree = "<group>";
		};
		24D07D8010A9CCE600716ED8 /* DTSpringBack */ = {
			isa = PBXGroup;
			children = (
				24D07D8110A9CCE600716ED8 /* DTSpringBack.h */,
				24D07D8210A9CCE600716ED8 /* DTSpringBackController.h */,
				24D07D8310A9CCE600716ED8 /* DTSpringBackController.m */,
				24D07D8410A9CCE600716ED8 /* DTSpringBackEncoder.h */,
				24D07D8510A9CCE600716ED8 /* DTSpringBackEncoder.m */,
				24D07D8610A9CCE600716ED8 /* NSArray+DTSpringBack.h */,
				24D07D8710A9CCE600716ED8 /* NSArray+DTSpringBack.m */,
				24D07D8810A9CCE600716ED8 /* NSDictionary+DTSpringBack.h */,
				24D07D8910A9CCE600716ED8 /* NSDictionary+DTSpringBack.m */,
				24D07D8A10A9CCE600716ED8 /* UINavigationController+DTSpringBack.h */,
				24D07D8B10A9CCE600716ED8 /* UINavigationController+DTSpringBack.m */,
				24D07D8C10A9CCE600716ED8 /* UITabBarController+DTSpringBack.h */,
				24D07D8D10A9CCE600716ED8 /* UITabBarController+DTSpringBack.m */,
				24D07D8E10A9CCE600716ED8 /* UIViewController+DTSpringBack.h */,
				24D07D8F10A9CCE600716ED8 /* UIViewController+DTSpringBack.m */,
				247B7D7210B158D500BDA8BF /* DTSpringBackDebugView.xib */,
				247B7DD110B1627000BDA8BF /* DTSpringBackLoadViewController.h */,
				247B7DD210B1627000BDA8BF /* DTSpringBackLoadViewController.m */,
				247B7E0210B1681000BDA8BF /* DTSpringBackSaveViewController.h */,
				247B7E0310B1681000BDA8BF /* DTSpringBackSaveViewController.m */,
				247B7E0710B1682200BDA8BF /* DTSpringBackSaveView.xib */,
			);
			path = DTSpringBack;
			sourceTree = "<group>";
		};
		24E1D58610AF3C12000EDD26 /* DTFoundation */ = {
			isa = PBXGroup;
			children = (
				24E1D58710AF3C12000EDD26 /* DTStack.h */,
				24E1D58810AF3C12000EDD26 /* DTStack.m */,
			);
			path = DTFoundation;
			sourceTree = "<group>";
		};
		29B97314FDCFA39411CA2CEA /* CustomTemplate */ = {
			isa = PBXGroup;
			children = (
				247B7D0610B1536F00BDA8BF /* DTTabBarController */,
				24E1D58610AF3C12000EDD26 /* DTFoundation */,
				24D07D8010A9CCE600716ED8 /* DTSpringBack */,
				24840D6E10AB64CF001AC236 /* Unit Tests */,
				080E96DDFE201D6D7F000001 /* Classes */,
				29B97315FDCFA39411CA2CEA /* Other Sources */,
				29B97317FDCFA39411CA2CEA /* Resources */,
				29B97323FDCFA39411CA2CEA /* Frameworks */,
				19C28FACFE9D520D11CA2CBB /* Products */,
				24840D7810AB64EC001AC236 /* SpringBackTest-Info.plist */,
			);
			name = CustomTemplate;
			sourceTree = "<group>";
		};
		29B97315FDCFA39411CA2CEA /* Other Sources */ = {
			isa = PBXGroup;
			children = (
				32CA4F630368D1EE00C91783 /* DTResurrectionKit_Prefix.pch */,
				29B97316FDCFA39411CA2CEA /* main.m */,
			);
			name = "Other Sources";
			sourceTree = "<group>";
		};
		29B97317FDCFA39411CA2CEA /* Resources */ = {
			isa = PBXGroup;
			children = (
				28C3AD890F43EF2300507BA6 /* DTResurrectionKit.xcdatamodel */,
				28AD733E0D9D9553002E5188 /* MainWindow.xib */,
				8D1107310486CEB800E47090 /* DTResurrectionKit-Info.plist */,
			);
			name = Resources;
			sourceTree = "<group>";
		};
		29B97323FDCFA39411CA2CEA /* Frameworks */ = {
			isa = PBXGroup;
			children = (
				1DF5F4DF0D08C38300B7A737 /* UIKit.framework */,
				1D30AB110D05D00D00671497 /* Foundation.framework */,
				288765A40DF7441C002DB57D /* CoreGraphics.framework */,
				28D801B30F44B63D00FB423F /* CoreData.framework */,
			);
			name = Frameworks;
			sourceTree = "<group>";
		};
/* End PBXGroup section */

/* Begin PBXNativeTarget section */
		1D6058900D05DD3D006BFB54 /* DTResurrectionKit */ = {
			isa = PBXNativeTarget;
			buildConfigurationList = 1D6058960D05DD3E006BFB54 /* Build configuration list for PBXNativeTarget "DTResurrectionKit" */;
			buildPhases = (
				1D60588D0D05DD3D006BFB54 /* Resources */,
				1D60588E0D05DD3D006BFB54 /* Sources */,
				1D60588F0D05DD3D006BFB54 /* Frameworks */,
			);
			buildRules = (
			);
			dependencies = (
			);
			name = DTResurrectionKit;
			productName = DTResurrectionKit;
			productReference = 1D6058910D05DD3D006BFB54 /* SpringBack.app */;
			productType = "com.apple.product-type.application";
		};
		24840D7610AB64EC001AC236 /* SpringBackTest */ = {
			isa = PBXNativeTarget;
			buildConfigurationList = 24840D7B10AB64ED001AC236 /* Build configuration list for PBXNativeTarget "SpringBackTest" */;
			buildPhases = (
				24840D7210AB64EC001AC236 /* Resources */,
				24840D7310AB64EC001AC236 /* Sources */,
				24840D7410AB64EC001AC236 /* Frameworks */,
				24840D7510AB64EC001AC236 /* ShellScript */,
			);
			buildRules = (
			);
			dependencies = (
			);
			name = SpringBackTest;
			productName = SpringBackTest;
			productReference = 24840D7710AB64EC001AC236 /* SpringBackTest.octest */;
			productType = "com.apple.product-type.bundle";
		};
/* End PBXNativeTarget section */

/* Begin PBXProject section */
		29B97313FDCFA39411CA2CEA /* Project object */ = {
			isa = PBXProject;
			buildConfigurationList = C01FCF4E08A954540054247B /* Build configuration list for PBXProject "DTResurrectionKit" */;
			compatibilityVersion = "Xcode 3.1";
			hasScannedForEncodings = 1;
			mainGroup = 29B97314FDCFA39411CA2CEA /* CustomTemplate */;
			projectDirPath = "";
			projectRoot = "";
			targets = (
				1D6058900D05DD3D006BFB54 /* DTResurrectionKit */,
				24840D7610AB64EC001AC236 /* SpringBackTest */,
			);
		};
/* End PBXProject section */

/* Begin PBXResourcesBuildPhase section */
		1D60588D0D05DD3D006BFB54 /* Resources */ = {
			isa = PBXResourcesBuildPhase;
			buildActionMask = 2147483647;
			files = (
				28AD733F0D9D9553002E5188 /* MainWindow.xib in Resources */,
				247B7DB210B15C3B00BDA8BF /* DTSpringBackDebugView.xib in Resources */,
				247B7E0810B1682200BDA8BF /* DTSpringBackSaveView.xib in Resources */,
				247B7ED910B1A95500BDA8BF /* DTTestView.xib in Resources */,
			);
			runOnlyForDeploymentPostprocessing = 0;
		};
		24840D7210AB64EC001AC236 /* Resources */ = {
			isa = PBXResourcesBuildPhase;
			buildActionMask = 2147483647;
			files = (
				247B7D7310B158D500BDA8BF /* DTSpringBackDebugView.xib in Resources */,
			);
			runOnlyForDeploymentPostprocessing = 0;
		};
/* End PBXResourcesBuildPhase section */

/* Begin PBXShellScriptBuildPhase section */
		24840D7510AB64EC001AC236 /* ShellScript */ = {
			isa = PBXShellScriptBuildPhase;
			buildActionMask = 2147483647;
			files = (
			);
			inputPaths = (
			);
			outputPaths = (
			);
			runOnlyForDeploymentPostprocessing = 0;
			shellPath = /bin/sh;
			shellScript = "# Run the unit tests in this test bundle.\n\"${SYSTEM_DEVELOPER_DIR}/Tools/RunUnitTests\"\n";
		};
/* End PBXShellScriptBuildPhase section */

/* Begin PBXSourcesBuildPhase section */
		1D60588E0D05DD3D006BFB54 /* Sources */ = {
			isa = PBXSourcesBuildPhase;
			buildActionMask = 2147483647;
			files = (
				1D60589B0D05DD56006BFB54 /* main.m in Sources */,
				1D3623260D0F684500981E51 /* DTResurrectionKitAppDelegate.m in Sources */,
				28C3AD8A0F43EF2300507BA6 /* DTResurrectionKit.xcdatamodel in Sources */,
				24D07D9010A9CCE600716ED8 /* DTSpringBackController.m in Sources */,
				24D07D9110A9CCE600716ED8 /* DTSpringBackEncoder.m in Sources */,
				24D07D9210A9CCE600716ED8 /* NSArray+DTSpringBack.m in Sources */,
				24D07D9310A9CCE600716ED8 /* NSDictionary+DTSpringBack.m in Sources */,
				24D07D9410A9CCE600716ED8 /* UINavigationController+DTSpringBack.m in Sources */,
				24D07D9510A9CCE600716ED8 /* UITabBarController+DTSpringBack.m in Sources */,
				24D07D9610A9CCE600716ED8 /* UIViewController+DTSpringBack.m in Sources */,
				24E1D59010AF3C2E000EDD26 /* DTStack.m in Sources */,
				247B7D2710B156D200BDA8BF /* DTContentController.m in Sources */,
				247B7DD310B1627000BDA8BF /* DTSpringBackLoadViewController.m in Sources */,
				247B7E0410B1681000BDA8BF /* DTSpringBackSaveViewController.m in Sources */,
				247B7ED510B1A8C700BDA8BF /* DTTestViewController.m in Sources */,
			);
			runOnlyForDeploymentPostprocessing = 0;
		};
		24840D7310AB64EC001AC236 /* Sources */ = {
			isa = PBXSourcesBuildPhase;
			buildActionMask = 2147483647;
			files = (
				24840D8010AB6541001AC236 /* DTSpringBackUIViewControllerTest.m in Sources */,
				24840DB410AB674C001AC236 /* DTSpringBackController.m in Sources */,
				24840DB510AB674C001AC236 /* DTSpringBackEncoder.m in Sources */,
				24840DB610AB674D001AC236 /* NSArray+DTSpringBack.m in Sources */,
				24840DB710AB674F001AC236 /* NSDictionary+DTSpringBack.m in Sources */,
				24840DB810AB6750001AC236 /* UINavigationController+DTSpringBack.m in Sources */,
				24840DB910AB6752001AC236 /* UITabBarController+DTSpringBack.m in Sources */,
				24840DBA10AB6753001AC236 /* UIViewController+DTSpringBack.m in Sources */,
				24840E4C10AB6BA4001AC236 /* DTSpringBackUITabBarControllerTests.m in Sources */,
				24E1D58910AF3C12000EDD26 /* DTStack.m in Sources */,
				247B7D1510B1536F00BDA8BF /* DTContentController.m in Sources */,
			);
			runOnlyForDeploymentPostprocessing = 0;
		};
/* End PBXSourcesBuildPhase section */

/* Begin XCBuildConfiguration section */
		1D6058940D05DD3E006BFB54 /* Debug */ = {
			isa = XCBuildConfiguration;
			buildSettings = {
				ALWAYS_SEARCH_USER_PATHS = NO;
				COPY_PHASE_STRIP = NO;
				FRAMEWORK_SEARCH_PATHS = (
					"$(inherited)",
					"\"/Volumes/Skiiing2/CD/ViewBased/Unknown Path/System/Library/Frameworks\"",
				);
				GCC_DYNAMIC_NO_PIC = NO;
				GCC_OPTIMIZATION_LEVEL = 0;
				GCC_PRECOMPILE_PREFIX_HEADER = YES;
				GCC_PREFIX_HEADER = DTResurrectionKit_Prefix.pch;
				INFOPLIST_FILE = "DTResurrectionKit-Info.plist";
				PRODUCT_NAME = SpringBack;
			};
			name = Debug;
		};
		1D6058950D05DD3E006BFB54 /* Release */ = {
			isa = XCBuildConfiguration;
			buildSettings = {
				ALWAYS_SEARCH_USER_PATHS = NO;
				COPY_PHASE_STRIP = YES;
				FRAMEWORK_SEARCH_PATHS = (
					"$(inherited)",
					"\"/Volumes/Skiiing2/CD/ViewBased/Unknown Path/System/Library/Frameworks\"",
				);
				GCC_PRECOMPILE_PREFIX_HEADER = YES;
				GCC_PREFIX_HEADER = DTResurrectionKit_Prefix.pch;
				INFOPLIST_FILE = "DTResurrectionKit-Info.plist";
				PRODUCT_NAME = SpringBack;
			};
			name = Release;
		};
		24840D7910AB64ED001AC236 /* Debug */ = {
			isa = XCBuildConfiguration;
			buildSettings = {
				ALWAYS_SEARCH_USER_PATHS = NO;
				COPY_PHASE_STRIP = NO;
				FRAMEWORK_SEARCH_PATHS = (
					"\"$(SDKROOT)/Developer/Library/Frameworks\"",
					"\"$(DEVELOPER_LIBRARY_DIR)/Frameworks\"",
				);
				GCC_DYNAMIC_NO_PIC = NO;
				GCC_ENABLE_FIX_AND_CONTINUE = NO;
				GCC_ENABLE_OBJC_EXCEPTIONS = YES;
				GCC_OPTIMIZATION_LEVEL = 0;
				INFOPLIST_FILE = "SpringBackTest-Info.plist";
				OTHER_LDFLAGS = (
					"-framework",
					Foundation,
					"-framework",
					SenTestingKit,
					"-framework",
					UIKit,
				);
				PREBINDING = NO;
				PRODUCT_NAME = SpringBackTest;
				SDKROOT = iphonesimulator3.1.2;
				WRAPPER_EXTENSION = octest;
			};
			name = Debug;
		};
		24840D7A10AB64ED001AC236 /* Release */ = {
			isa = XCBuildConfiguration;
			buildSettings = {
				ALWAYS_SEARCH_USER_PATHS = NO;
				COPY_PHASE_STRIP = YES;
				DEBUG_INFORMATION_FORMAT = "dwarf-with-dsym";
				FRAMEWORK_SEARCH_PATHS = (
					"\"$(SDKROOT)/Developer/Library/Frameworks\"",
					"\"$(DEVELOPER_LIBRARY_DIR)/Frameworks\"",
				);
				GCC_ENABLE_FIX_AND_CONTINUE = NO;
				GCC_ENABLE_OBJC_EXCEPTIONS = YES;
				INFOPLIST_FILE = "SpringBackTest-Info.plist";
				OTHER_LDFLAGS = (
					"-framework",
					Foundation,
					"-framework",
					SenTestingKit,
					"-framework",
					UIKit,
				);
				PREBINDING = NO;
				PRODUCT_NAME = SpringBackTest;
				WRAPPER_EXTENSION = octest;
				ZERO_LINK = NO;
			};
			name = Release;
		};
		C01FCF4F08A954540054247B /* Debug */ = {
			isa = XCBuildConfiguration;
			buildSettings = {
				ARCHS = "$(ARCHS_STANDARD_32_BIT)";
				"CODE_SIGN_IDENTITY[sdk=iphoneos*]" = "iPhone Developer";
				GCC_C_LANGUAGE_STANDARD = c99;
				GCC_WARN_ABOUT_RETURN_TYPE = YES;
				GCC_WARN_UNUSED_VARIABLE = YES;
				PREBINDING = NO;
				SDKROOT = iphoneos3.1.2;
			};
			name = Debug;
		};
		C01FCF5008A954540054247B /* Release */ = {
			isa = XCBuildConfiguration;
			buildSettings = {
				ARCHS = "$(ARCHS_STANDARD_32_BIT)";
				"CODE_SIGN_IDENTITY[sdk=iphoneos*]" = "iPhone Developer";
				GCC_C_LANGUAGE_STANDARD = c99;
				GCC_WARN_ABOUT_RETURN_TYPE = YES;
				GCC_WARN_UNUSED_VARIABLE = YES;
				PREBINDING = NO;
				SDKROOT = iphoneos3.1.2;
			};
			name = Release;
		};
/* End XCBuildConfiguration section */

/* Begin XCConfigurationList section */
		1D6058960D05DD3E006BFB54 /* Build configuration list for PBXNativeTarget "DTResurrectionKit" */ = {
			isa = XCConfigurationList;
			buildConfigurations = (
				1D6058940D05DD3E006BFB54 /* Debug */,
				1D6058950D05DD3E006BFB54 /* Release */,
			);
			defaultConfigurationIsVisible = 0;
			defaultConfigurationName = Release;
		};
		24840D7B10AB64ED001AC236 /* Build configuration list for PBXNativeTarget "SpringBackTest" */ = {
			isa = XCConfigurationList;
			buildConfigurations = (
				24840D7910AB64ED001AC236 /* Debug */,
				24840D7A10AB64ED001AC236 /* Release */,
			);
			defaultConfigurationIsVisible = 0;
			defaultConfigurationName = Release;
		};
		C01FCF4E08A954540054247B /* Build configuration list for PBXProject "DTResurrectionKit" */ = {
			isa = XCConfigurationList;
			buildConfigurations = (
				C01FCF4F08A954540054247B /* Debug */,
				C01FCF5008A954540054247B /* Release */,
			);
			defaultConfigurationIsVisible = 0;
			defaultConfigurationName = Release;
		};
/* End XCConfigurationList section */
	};
	rootObject = 29B97313FDCFA39411CA2CEA /* Project object */;
}
