// !$*UTF8*$!
{
	archiveVersion = 1;
	classes = {
	};
	objectVersion = 45;
	objects = {

/* Begin PBXBuildFile section */
		1D3623260D0F684500981E51 /* DTResurrectionKitAppDelegate.m in Sources */ = {isa = PBXBuildFile; fileRef = 1D3623250D0F684500981E51 /* DTResurrectionKitAppDelegate.m */; };
		1D60589B0D05DD56006BFB54 /* main.m in Sources */ = {isa = PBXBuildFile; fileRef = 29B97316FDCFA39411CA2CEA /* main.m */; };
		1D60589F0D05DD5A006BFB54 /* Foundation.framework in Frameworks */ = {isa = PBXBuildFile; fileRef = 1D30AB110D05D00D00671497 /* Foundation.framework */; };
		1DF5F4E00D08C38300B7A737 /* UIKit.framework in Frameworks */ = {isa = PBXBuildFile; fileRef = 1DF5F4DF0D08C38300B7A737 /* UIKit.framework */; };
		240FA77F10A74EFC00476708 /* DTOrderedDictionary.m in Sources */ = {isa = PBXBuildFile; fileRef = 240FA77610A74EFC00476708 /* DTOrderedDictionary.m */; };
		240FA78010A74EFC00476708 /* DTQueue.m in Sources */ = {isa = PBXBuildFile; fileRef = 240FA77810A74EFC00476708 /* DTQueue.m */; };
		240FA78110A74EFC00476708 /* DTSortedArray.m in Sources */ = {isa = PBXBuildFile; fileRef = 240FA77A10A74EFC00476708 /* DTSortedArray.m */; };
		240FA78210A74EFC00476708 /* DTStack.m in Sources */ = {isa = PBXBuildFile; fileRef = 240FA77C10A74EFC00476708 /* DTStack.m */; };
		240FA78310A74EFC00476708 /* DTTraversableDictionary.m in Sources */ = {isa = PBXBuildFile; fileRef = 240FA77E10A74EFC00476708 /* DTTraversableDictionary.m */; };
		240FA91E10A8622000476708 /* NSArray+DTResurrection.m in Sources */ = {isa = PBXBuildFile; fileRef = 240FA91D10A8622000476708 /* NSArray+DTResurrection.m */; };
		240FA98310A8681D00476708 /* UITabBarController+DTResurrection.m in Sources */ = {isa = PBXBuildFile; fileRef = 240FA98210A8681D00476708 /* UITabBarController+DTResurrection.m */; };
		240FA9F210A8753800476708 /* NSDictionary+DTResurrection.m in Sources */ = {isa = PBXBuildFile; fileRef = 240FA9F110A8753800476708 /* NSDictionary+DTResurrection.m */; };
		24596F3B10A46B56006BC789 /* DTResurrector.m in Sources */ = {isa = PBXBuildFile; fileRef = 24596F3A10A46B56006BC789 /* DTResurrector.m */; };
		24B93DAE10A1AB4300ABF25D /* DTResurrectionKit.m in Sources */ = {isa = PBXBuildFile; fileRef = 24B93DAD10A1AB4300ABF25D /* DTResurrectionKit.m */; };
		24D3FE7110A0D05600BECE54 /* UIViewController+DTResurrectionKit.m in Sources */ = {isa = PBXBuildFile; fileRef = 24D3FE7010A0D05600BECE54 /* UIViewController+DTResurrectionKit.m */; };
		24D3FE7610A0D0C300BECE54 /* DTResurrectionController.m in Sources */ = {isa = PBXBuildFile; fileRef = 24D3FE7510A0D0C300BECE54 /* DTResurrectionController.m */; };
		24D3FEF810A0ECA600BECE54 /* UINavigationController+DTResurrectionKit.m in Sources */ = {isa = PBXBuildFile; fileRef = 24D3FEF710A0ECA600BECE54 /* UINavigationController+DTResurrectionKit.m */; };
		288765A50DF7441C002DB57D /* CoreGraphics.framework in Frameworks */ = {isa = PBXBuildFile; fileRef = 288765A40DF7441C002DB57D /* CoreGraphics.framework */; };
		28AD733F0D9D9553002E5188 /* MainWindow.xib in Resources */ = {isa = PBXBuildFile; fileRef = 28AD733E0D9D9553002E5188 /* MainWindow.xib */; };
		28C3AD8A0F43EF2300507BA6 /* DTResurrectionKit.xcdatamodel in Sources */ = {isa = PBXBuildFile; fileRef = 28C3AD890F43EF2300507BA6 /* DTResurrectionKit.xcdatamodel */; };
		28D801B40F44B63D00FB423F /* CoreData.framework in Frameworks */ = {isa = PBXBuildFile; fileRef = 28D801B30F44B63D00FB423F /* CoreData.framework */; };
/* End PBXBuildFile section */

/* Begin PBXFileReference section */
		1D30AB110D05D00D00671497 /* Foundation.framework */ = {isa = PBXFileReference; lastKnownFileType = wrapper.framework; name = Foundation.framework; path = System/Library/Frameworks/Foundation.framework; sourceTree = SDKROOT; };
		1D3623240D0F684500981E51 /* DTResurrectionKitAppDelegate.h */ = {isa = PBXFileReference; fileEncoding = 4; lastKnownFileType = sourcecode.c.h; path = DTResurrectionKitAppDelegate.h; sourceTree = "<group>"; };
		1D3623250D0F684500981E51 /* DTResurrectionKitAppDelegate.m */ = {isa = PBXFileReference; fileEncoding = 4; lastKnownFileType = sourcecode.c.objc; path = DTResurrectionKitAppDelegate.m; sourceTree = "<group>"; };
		1D6058910D05DD3D006BFB54 /* SpringBack.app */ = {isa = PBXFileReference; explicitFileType = wrapper.application; includeInIndex = 0; path = SpringBack.app; sourceTree = BUILT_PRODUCTS_DIR; };
		1DF5F4DF0D08C38300B7A737 /* UIKit.framework */ = {isa = PBXFileReference; lastKnownFileType = wrapper.framework; name = UIKit.framework; path = System/Library/Frameworks/UIKit.framework; sourceTree = SDKROOT; };
		240FA77510A74EFC00476708 /* DTOrderedDictionary.h */ = {isa = PBXFileReference; fileEncoding = 4; lastKnownFileType = sourcecode.c.h; path = DTOrderedDictionary.h; sourceTree = "<group>"; };
		240FA77610A74EFC00476708 /* DTOrderedDictionary.m */ = {isa = PBXFileReference; fileEncoding = 4; lastKnownFileType = sourcecode.c.objc; path = DTOrderedDictionary.m; sourceTree = "<group>"; };
		240FA77710A74EFC00476708 /* DTQueue.h */ = {isa = PBXFileReference; fileEncoding = 4; lastKnownFileType = sourcecode.c.h; path = DTQueue.h; sourceTree = "<group>"; };
		240FA77810A74EFC00476708 /* DTQueue.m */ = {isa = PBXFileReference; fileEncoding = 4; lastKnownFileType = sourcecode.c.objc; path = DTQueue.m; sourceTree = "<group>"; };
		240FA77910A74EFC00476708 /* DTSortedArray.h */ = {isa = PBXFileReference; fileEncoding = 4; lastKnownFileType = sourcecode.c.h; path = DTSortedArray.h; sourceTree = "<group>"; };
		240FA77A10A74EFC00476708 /* DTSortedArray.m */ = {isa = PBXFileReference; fileEncoding = 4; lastKnownFileType = sourcecode.c.objc; path = DTSortedArray.m; sourceTree = "<group>"; };
		240FA77B10A74EFC00476708 /* DTStack.h */ = {isa = PBXFileReference; fileEncoding = 4; lastKnownFileType = sourcecode.c.h; path = DTStack.h; sourceTree = "<group>"; };
		240FA77C10A74EFC00476708 /* DTStack.m */ = {isa = PBXFileReference; fileEncoding = 4; lastKnownFileType = sourcecode.c.objc; path = DTStack.m; sourceTree = "<group>"; };
		240FA77D10A74EFC00476708 /* DTTraversableDictionary.h */ = {isa = PBXFileReference; fileEncoding = 4; lastKnownFileType = sourcecode.c.h; path = DTTraversableDictionary.h; sourceTree = "<group>"; };
		240FA77E10A74EFC00476708 /* DTTraversableDictionary.m */ = {isa = PBXFileReference; fileEncoding = 4; lastKnownFileType = sourcecode.c.objc; path = DTTraversableDictionary.m; sourceTree = "<group>"; };
		240FA81210A8456A00476708 /* DTResurrection.h */ = {isa = PBXFileReference; fileEncoding = 4; lastKnownFileType = sourcecode.c.h; path = DTResurrection.h; sourceTree = "<group>"; };
		240FA91C10A8622000476708 /* NSArray+DTResurrection.h */ = {isa = PBXFileReference; fileEncoding = 4; lastKnownFileType = sourcecode.c.h; path = "NSArray+DTResurrection.h"; sourceTree = "<group>"; };
		240FA91D10A8622000476708 /* NSArray+DTResurrection.m */ = {isa = PBXFileReference; fileEncoding = 4; lastKnownFileType = sourcecode.c.objc; path = "NSArray+DTResurrection.m"; sourceTree = "<group>"; };
		240FA98110A8681D00476708 /* UITabBarController+DTResurrection.h */ = {isa = PBXFileReference; fileEncoding = 4; lastKnownFileType = sourcecode.c.h; path = "UITabBarController+DTResurrection.h"; sourceTree = "<group>"; };
		240FA98210A8681D00476708 /* UITabBarController+DTResurrection.m */ = {isa = PBXFileReference; fileEncoding = 4; lastKnownFileType = sourcecode.c.objc; path = "UITabBarController+DTResurrection.m"; sourceTree = "<group>"; };
		240FA9F010A8753800476708 /* NSDictionary+DTResurrection.h */ = {isa = PBXFileReference; fileEncoding = 4; lastKnownFileType = sourcecode.c.h; path = "NSDictionary+DTResurrection.h"; sourceTree = "<group>"; };
		240FA9F110A8753800476708 /* NSDictionary+DTResurrection.m */ = {isa = PBXFileReference; fileEncoding = 4; lastKnownFileType = sourcecode.c.objc; path = "NSDictionary+DTResurrection.m"; sourceTree = "<group>"; };
		24596F3910A46B56006BC789 /* DTResurrector.h */ = {isa = PBXFileReference; fileEncoding = 4; lastKnownFileType = sourcecode.c.h; path = DTResurrector.h; sourceTree = "<group>"; };
		24596F3A10A46B56006BC789 /* DTResurrector.m */ = {isa = PBXFileReference; fileEncoding = 4; lastKnownFileType = sourcecode.c.objc; path = DTResurrector.m; sourceTree = "<group>"; };
		24B93DAC10A1AB4300ABF25D /* DTResurrectionKit.h */ = {isa = PBXFileReference; fileEncoding = 4; lastKnownFileType = sourcecode.c.h; path = DTResurrectionKit.h; sourceTree = "<group>"; };
		24B93DAD10A1AB4300ABF25D /* DTResurrectionKit.m */ = {isa = PBXFileReference; fileEncoding = 4; lastKnownFileType = sourcecode.c.objc; path = DTResurrectionKit.m; sourceTree = "<group>"; };
		24D3FE6F10A0D05600BECE54 /* UIViewController+DTResurrectionKit.h */ = {isa = PBXFileReference; fileEncoding = 4; lastKnownFileType = sourcecode.c.h; path = "UIViewController+DTResurrectionKit.h"; sourceTree = "<group>"; };
		24D3FE7010A0D05600BECE54 /* UIViewController+DTResurrectionKit.m */ = {isa = PBXFileReference; fileEncoding = 4; lastKnownFileType = sourcecode.c.objc; path = "UIViewController+DTResurrectionKit.m"; sourceTree = "<group>"; };
		24D3FE7410A0D0C300BECE54 /* DTResurrectionController.h */ = {isa = PBXFileReference; fileEncoding = 4; lastKnownFileType = sourcecode.c.h; path = DTResurrectionController.h; sourceTree = "<group>"; };
		24D3FE7510A0D0C300BECE54 /* DTResurrectionController.m */ = {isa = PBXFileReference; fileEncoding = 4; lastKnownFileType = sourcecode.c.objc; path = DTResurrectionController.m; sourceTree = "<group>"; };
		24D3FEF610A0ECA600BECE54 /* UINavigationController+DTResurrectionKit.h */ = {isa = PBXFileReference; fileEncoding = 4; lastKnownFileType = sourcecode.c.h; path = "UINavigationController+DTResurrectionKit.h"; sourceTree = "<group>"; };
		24D3FEF710A0ECA600BECE54 /* UINavigationController+DTResurrectionKit.m */ = {isa = PBXFileReference; fileEncoding = 4; lastKnownFileType = sourcecode.c.objc; path = "UINavigationController+DTResurrectionKit.m"; sourceTree = "<group>"; };
		288765A40DF7441C002DB57D /* CoreGraphics.framework */ = {isa = PBXFileReference; lastKnownFileType = wrapper.framework; name = CoreGraphics.framework; path = System/Library/Frameworks/CoreGraphics.framework; sourceTree = SDKROOT; };
		28AD733E0D9D9553002E5188 /* MainWindow.xib */ = {isa = PBXFileReference; lastKnownFileType = file.xib; path = MainWindow.xib; sourceTree = "<group>"; };
		28C3AD890F43EF2300507BA6 /* DTResurrectionKit.xcdatamodel */ = {isa = PBXFileReference; fileEncoding = 4; lastKnownFileType = wrapper.xcdatamodel; path = DTResurrectionKit.xcdatamodel; sourceTree = "<group>"; };
		28D801B30F44B63D00FB423F /* CoreData.framework */ = {isa = PBXFileReference; lastKnownFileType = wrapper.framework; name = CoreData.framework; path = System/Library/Frameworks/CoreData.framework; sourceTree = SDKROOT; };
		29B97316FDCFA39411CA2CEA /* main.m */ = {isa = PBXFileReference; fileEncoding = 4; lastKnownFileType = sourcecode.c.objc; path = main.m; sourceTree = "<group>"; };
		32CA4F630368D1EE00C91783 /* DTResurrectionKit_Prefix.pch */ = {isa = PBXFileReference; fileEncoding = 4; lastKnownFileType = sourcecode.c.h; path = DTResurrectionKit_Prefix.pch; sourceTree = "<group>"; };
		8D1107310486CEB800E47090 /* DTResurrectionKit-Info.plist */ = {isa = PBXFileReference; fileEncoding = 4; lastKnownFileType = text.plist.xml; path = "DTResurrectionKit-Info.plist"; sourceTree = "<group>"; };
/* End PBXFileReference section */

/* Begin PBXFrameworksBuildPhase section */
		1D60588F0D05DD3D006BFB54 /* Frameworks */ = {
			isa = PBXFrameworksBuildPhase;
			buildActionMask = 2147483647;
			files = (
				1D60589F0D05DD5A006BFB54 /* Foundation.framework in Frameworks */,
				1DF5F4E00D08C38300B7A737 /* UIKit.framework in Frameworks */,
				288765A50DF7441C002DB57D /* CoreGraphics.framework in Frameworks */,
				28D801B40F44B63D00FB423F /* CoreData.framework in Frameworks */,
			);
			runOnlyForDeploymentPostprocessing = 0;
		};
/* End PBXFrameworksBuildPhase section */

/* Begin PBXGroup section */
		080E96DDFE201D6D7F000001 /* Classes */ = {
			isa = PBXGroup;
			children = (
				1D3623240D0F684500981E51 /* DTResurrectionKitAppDelegate.h */,
				1D3623250D0F684500981E51 /* DTResurrectionKitAppDelegate.m */,
			);
			path = Classes;
			sourceTree = "<group>";
		};
		19C28FACFE9D520D11CA2CBB /* Products */ = {
			isa = PBXGroup;
			children = (
				1D6058910D05DD3D006BFB54 /* SpringBack.app */,
			);
			name = Products;
			sourceTree = "<group>";
		};
		240FA77410A74EFC00476708 /* DTFoundation */ = {
			isa = PBXGroup;
			children = (
				240FA77510A74EFC00476708 /* DTOrderedDictionary.h */,
				240FA77610A74EFC00476708 /* DTOrderedDictionary.m */,
				240FA77710A74EFC00476708 /* DTQueue.h */,
				240FA77810A74EFC00476708 /* DTQueue.m */,
				240FA77910A74EFC00476708 /* DTSortedArray.h */,
				240FA77A10A74EFC00476708 /* DTSortedArray.m */,
				240FA77B10A74EFC00476708 /* DTStack.h */,
				240FA77C10A74EFC00476708 /* DTStack.m */,
				240FA77D10A74EFC00476708 /* DTTraversableDictionary.h */,
				240FA77E10A74EFC00476708 /* DTTraversableDictionary.m */,
			);
			name = DTFoundation;
			path = ../DTKit/DTFoundation;
			sourceTree = SOURCE_ROOT;
		};
		24D3FE6A10A0D03A00BECE54 /* DTResurrectionKit */ = {
			isa = PBXGroup;
			children = (
				24D3FE6F10A0D05600BECE54 /* UIViewController+DTResurrectionKit.h */,
				24D3FE7010A0D05600BECE54 /* UIViewController+DTResurrectionKit.m */,
				24D3FEF610A0ECA600BECE54 /* UINavigationController+DTResurrectionKit.h */,
				24D3FEF710A0ECA600BECE54 /* UINavigationController+DTResurrectionKit.m */,
				240FA98110A8681D00476708 /* UITabBarController+DTResurrection.h */,
				240FA98210A8681D00476708 /* UITabBarController+DTResurrection.m */,
				240FA91C10A8622000476708 /* NSArray+DTResurrection.h */,
				240FA91D10A8622000476708 /* NSArray+DTResurrection.m */,
				240FA9F010A8753800476708 /* NSDictionary+DTResurrection.h */,
				240FA9F110A8753800476708 /* NSDictionary+DTResurrection.m */,
				24D3FE7410A0D0C300BECE54 /* DTResurrectionController.h */,
				24D3FE7510A0D0C300BECE54 /* DTResurrectionController.m */,
				24B93DAC10A1AB4300ABF25D /* DTResurrectionKit.h */,
				24B93DAD10A1AB4300ABF25D /* DTResurrectionKit.m */,
				24596F3910A46B56006BC789 /* DTResurrector.h */,
				24596F3A10A46B56006BC789 /* DTResurrector.m */,
				240FA81210A8456A00476708 /* DTResurrection.h */,
			);
			path = DTResurrectionKit;
			sourceTree = "<group>";
		};
		29B97314FDCFA39411CA2CEA /* CustomTemplate */ = {
			isa = PBXGroup;
			children = (
				240FA77410A74EFC00476708 /* DTFoundation */,
				24D3FE6A10A0D03A00BECE54 /* DTResurrectionKit */,
				080E96DDFE201D6D7F000001 /* Classes */,
				29B97315FDCFA39411CA2CEA /* Other Sources */,
				29B97317FDCFA39411CA2CEA /* Resources */,
				29B97323FDCFA39411CA2CEA /* Frameworks */,
				19C28FACFE9D520D11CA2CBB /* Products */,
			);
			name = CustomTemplate;
			sourceTree = "<group>";
		};
		29B97315FDCFA39411CA2CEA /* Other Sources */ = {
			isa = PBXGroup;
			children = (
				32CA4F630368D1EE00C91783 /* DTResurrectionKit_Prefix.pch */,
				29B97316FDCFA39411CA2CEA /* main.m */,
			);
			name = "Other Sources";
			sourceTree = "<group>";
		};
		29B97317FDCFA39411CA2CEA /* Resources */ = {
			isa = PBXGroup;
			children = (
				28C3AD890F43EF2300507BA6 /* DTResurrectionKit.xcdatamodel */,
				28AD733E0D9D9553002E5188 /* MainWindow.xib */,
				8D1107310486CEB800E47090 /* DTResurrectionKit-Info.plist */,
			);
			name = Resources;
			sourceTree = "<group>";
		};
		29B97323FDCFA39411CA2CEA /* Frameworks */ = {
			isa = PBXGroup;
			children = (
				1DF5F4DF0D08C38300B7A737 /* UIKit.framework */,
				1D30AB110D05D00D00671497 /* Foundation.framework */,
				288765A40DF7441C002DB57D /* CoreGraphics.framework */,
				28D801B30F44B63D00FB423F /* CoreData.framework */,
			);
			name = Frameworks;
			sourceTree = "<group>";
		};
/* End PBXGroup section */

/* Begin PBXNativeTarget section */
		1D6058900D05DD3D006BFB54 /* DTResurrectionKit */ = {
			isa = PBXNativeTarget;
			buildConfigurationList = 1D6058960D05DD3E006BFB54 /* Build configuration list for PBXNativeTarget "DTResurrectionKit" */;
			buildPhases = (
				1D60588D0D05DD3D006BFB54 /* Resources */,
				1D60588E0D05DD3D006BFB54 /* Sources */,
				1D60588F0D05DD3D006BFB54 /* Frameworks */,
			);
			buildRules = (
			);
			dependencies = (
			);
			name = DTResurrectionKit;
			productName = DTResurrectionKit;
			productReference = 1D6058910D05DD3D006BFB54 /* SpringBack.app */;
			productType = "com.apple.product-type.application";
		};
/* End PBXNativeTarget section */

/* Begin PBXProject section */
		29B97313FDCFA39411CA2CEA /* Project object */ = {
			isa = PBXProject;
			buildConfigurationList = C01FCF4E08A954540054247B /* Build configuration list for PBXProject "DTResurrectionKit" */;
			compatibilityVersion = "Xcode 3.1";
			hasScannedForEncodings = 1;
			mainGroup = 29B97314FDCFA39411CA2CEA /* CustomTemplate */;
			projectDirPath = "";
			projectRoot = "";
			targets = (
				1D6058900D05DD3D006BFB54 /* DTResurrectionKit */,
			);
		};
/* End PBXProject section */

/* Begin PBXResourcesBuildPhase section */
		1D60588D0D05DD3D006BFB54 /* Resources */ = {
			isa = PBXResourcesBuildPhase;
			buildActionMask = 2147483647;
			files = (
				28AD733F0D9D9553002E5188 /* MainWindow.xib in Resources */,
			);
			runOnlyForDeploymentPostprocessing = 0;
		};
/* End PBXResourcesBuildPhase section */

/* Begin PBXSourcesBuildPhase section */
		1D60588E0D05DD3D006BFB54 /* Sources */ = {
			isa = PBXSourcesBuildPhase;
			buildActionMask = 2147483647;
			files = (
				1D60589B0D05DD56006BFB54 /* main.m in Sources */,
				1D3623260D0F684500981E51 /* DTResurrectionKitAppDelegate.m in Sources */,
				28C3AD8A0F43EF2300507BA6 /* DTResurrectionKit.xcdatamodel in Sources */,
				24D3FE7110A0D05600BECE54 /* UIViewController+DTResurrectionKit.m in Sources */,
				24D3FE7610A0D0C300BECE54 /* DTResurrectionController.m in Sources */,
				24D3FEF810A0ECA600BECE54 /* UINavigationController+DTResurrectionKit.m in Sources */,
				24B93DAE10A1AB4300ABF25D /* DTResurrectionKit.m in Sources */,
				24596F3B10A46B56006BC789 /* DTResurrector.m in Sources */,
				240FA77F10A74EFC00476708 /* DTOrderedDictionary.m in Sources */,
				240FA78010A74EFC00476708 /* DTQueue.m in Sources */,
				240FA78110A74EFC00476708 /* DTSortedArray.m in Sources */,
				240FA78210A74EFC00476708 /* DTStack.m in Sources */,
				240FA78310A74EFC00476708 /* DTTraversableDictionary.m in Sources */,
				240FA91E10A8622000476708 /* NSArray+DTResurrection.m in Sources */,
				240FA98310A8681D00476708 /* UITabBarController+DTResurrection.m in Sources */,
				240FA9F210A8753800476708 /* NSDictionary+DTResurrection.m in Sources */,
			);
			runOnlyForDeploymentPostprocessing = 0;
		};
/* End PBXSourcesBuildPhase section */

/* Begin XCBuildConfiguration section */
		1D6058940D05DD3E006BFB54 /* Debug */ = {
			isa = XCBuildConfiguration;
			buildSettings = {
				ALWAYS_SEARCH_USER_PATHS = NO;
				COPY_PHASE_STRIP = NO;
				FRAMEWORK_SEARCH_PATHS = (
					"$(inherited)",
					"\"/Volumes/Skiiing2/CD/ViewBased/Unknown Path/System/Library/Frameworks\"",
				);
				GCC_DYNAMIC_NO_PIC = NO;
				GCC_OPTIMIZATION_LEVEL = 0;
				GCC_PRECOMPILE_PREFIX_HEADER = YES;
				GCC_PREFIX_HEADER = DTResurrectionKit_Prefix.pch;
				INFOPLIST_FILE = "DTResurrectionKit-Info.plist";
				PRODUCT_NAME = SpringBack;
			};
			name = Debug;
		};
		1D6058950D05DD3E006BFB54 /* Release */ = {
			isa = XCBuildConfiguration;
			buildSettings = {
				ALWAYS_SEARCH_USER_PATHS = NO;
				COPY_PHASE_STRIP = YES;
				FRAMEWORK_SEARCH_PATHS = (
					"$(inherited)",
					"\"/Volumes/Skiiing2/CD/ViewBased/Unknown Path/System/Library/Frameworks\"",
				);
				GCC_PRECOMPILE_PREFIX_HEADER = YES;
				GCC_PREFIX_HEADER = DTResurrectionKit_Prefix.pch;
				INFOPLIST_FILE = "DTResurrectionKit-Info.plist";
				PRODUCT_NAME = SpringBack;
			};
			name = Release;
		};
		C01FCF4F08A954540054247B /* Debug */ = {
			isa = XCBuildConfiguration;
			buildSettings = {
				ARCHS = "$(ARCHS_STANDARD_32_BIT)";
				"CODE_SIGN_IDENTITY[sdk=iphoneos*]" = "iPhone Developer";
				GCC_C_LANGUAGE_STANDARD = c99;
				GCC_WARN_ABOUT_RETURN_TYPE = YES;
				GCC_WARN_UNUSED_VARIABLE = YES;
				PREBINDING = NO;
				SDKROOT = iphoneos3.1.2;
			};
			name = Debug;
		};
		C01FCF5008A954540054247B /* Release */ = {
			isa = XCBuildConfiguration;
			buildSettings = {
				ARCHS = "$(ARCHS_STANDARD_32_BIT)";
				"CODE_SIGN_IDENTITY[sdk=iphoneos*]" = "iPhone Developer";
				GCC_C_LANGUAGE_STANDARD = c99;
				GCC_WARN_ABOUT_RETURN_TYPE = YES;
				GCC_WARN_UNUSED_VARIABLE = YES;
				PREBINDING = NO;
				SDKROOT = iphoneos3.1.2;
			};
			name = Release;
		};
/* End XCBuildConfiguration section */

/* Begin XCConfigurationList section */
		1D6058960D05DD3E006BFB54 /* Build configuration list for PBXNativeTarget "DTResurrectionKit" */ = {
			isa = XCConfigurationList;
			buildConfigurations = (
				1D6058940D05DD3E006BFB54 /* Debug */,
				1D6058950D05DD3E006BFB54 /* Release */,
			);
			defaultConfigurationIsVisible = 0;
			defaultConfigurationName = Release;
		};
		C01FCF4E08A954540054247B /* Build configuration list for PBXProject "DTResurrectionKit" */ = {
			isa = XCConfigurationList;
			buildConfigurations = (
				C01FCF4F08A954540054247B /* Debug */,
				C01FCF5008A954540054247B /* Release */,
			);
			defaultConfigurationIsVisible = 0;
			defaultConfigurationName = Release;
		};
/* End XCConfigurationList section */
	};
	rootObject = 29B97313FDCFA39411CA2CEA /* Project object */;
}
